// !$*UTF8*$!
{
	archiveVersion = 1;
	classes = {
	};
	objectVersion = 46;
	objects = {

/* Begin PBXBuildFile section */
		469AF6F8173CB81D0082CC2D /* libbaidumapapi.a in Frameworks */ = {isa = PBXBuildFile; fileRef = 469AF6F7173CB81D0082CC2D /* libbaidumapapi.a */; };
		469AF6FA173CB8460082CC2D /* mapapi.bundle in Resources */ = {isa = PBXBuildFile; fileRef = 469AF6F9173CB8460082CC2D /* mapapi.bundle */; };
		469AF6FD174085B90082CC2D /* HowToOrderViewController.m in Sources */ = {isa = PBXBuildFile; fileRef = 469AF6FC174085B90082CC2D /* HowToOrderViewController.m */; };
		856FD18B1738D6D0001EED8D /* FrameworkChecker.m in Sources */ = {isa = PBXBuildFile; fileRef = 856FD18A1738D6D0001EED8D /* FrameworkChecker.m */; };
		EB2140F51740A000009983BA /* howtoorder-bg@2x.png in Resources */ = {isa = PBXBuildFile; fileRef = EB2140EB1740A000009983BA /* howtoorder-bg@2x.png */; };
		EB2140F61740A000009983BA /* howtoorder-numbersbg@2x.png in Resources */ = {isa = PBXBuildFile; fileRef = EB2140EC1740A000009983BA /* howtoorder-numbersbg@2x.png */; };
		EB2140F71740A000009983BA /* howtoorder-titlebg@2x.png in Resources */ = {isa = PBXBuildFile; fileRef = EB2140ED1740A000009983BA /* howtoorder-titlebg@2x.png */; };
		EB2140F81740A000009983BA /* howtoorder_p1@2x.png in Resources */ = {isa = PBXBuildFile; fileRef = EB2140EE1740A000009983BA /* howtoorder_p1@2x.png */; };
		EB2140F91740A000009983BA /* howtoorder_p2@2x.png in Resources */ = {isa = PBXBuildFile; fileRef = EB2140EF1740A000009983BA /* howtoorder_p2@2x.png */; };
		EB2140FA1740A000009983BA /* howtoorder_p3@2x.png in Resources */ = {isa = PBXBuildFile; fileRef = EB2140F01740A000009983BA /* howtoorder_p3@2x.png */; };
		EB2140FB1740A000009983BA /* howtoorder_p4@2x.png in Resources */ = {isa = PBXBuildFile; fileRef = EB2140F11740A000009983BA /* howtoorder_p4@2x.png */; };
		EB2140FC1740A000009983BA /* howtoorder_p5@2x.png in Resources */ = {isa = PBXBuildFile; fileRef = EB2140F21740A000009983BA /* howtoorder_p5@2x.png */; };
		EB2140FD1740A000009983BA /* howtoorder_p6@2x.png in Resources */ = {isa = PBXBuildFile; fileRef = EB2140F31740A000009983BA /* howtoorder_p6@2x.png */; };
		EB2140FE1740A000009983BA /* howtoorder_p7@2x.png in Resources */ = {isa = PBXBuildFile; fileRef = EB2140F41740A000009983BA /* howtoorder_p7@2x.png */; };
		EB2141001740A3FA009983BA /* taxo_on@2x.png in Resources */ = {isa = PBXBuildFile; fileRef = EB2140FF1740A3FA009983BA /* taxo_on@2x.png */; };
		EB239FD217278344006AD619 /* DatabaseMethod.m in Sources */ = {isa = PBXBuildFile; fileRef = EB239FD117278344006AD619 /* DatabaseMethod.m */; };
		EB239FD51727DEA4006AD619 /* libsqlite3.0.dylib in Frameworks */ = {isa = PBXBuildFile; fileRef = EB239FD41727DEA4006AD619 /* libsqlite3.0.dylib */; };
		EB5F6257172A3441006E053B /* StoreLocator.m in Sources */ = {isa = PBXBuildFile; fileRef = EB5F6256172A3441006E053B /* StoreLocator.m */; };
		EB5F625A172A55A8006E053B /* UIViewController+KNSemiModal.m in Sources */ = {isa = PBXBuildFile; fileRef = EB5F6259172A55A7006E053B /* UIViewController+KNSemiModal.m */; };
		EB869514173B872E004C9092 /* libz.dylib in Frameworks */ = {isa = PBXBuildFile; fileRef = EB869513173B872E004C9092 /* libz.dylib */; };
		EB869518173B8754004C9092 /* libTestFlight.a in Frameworks */ = {isa = PBXBuildFile; fileRef = EB869516173B8754004C9092 /* libTestFlight.a */; };
		EB86951E173B91FC004C9092 /* icon.png in Resources */ = {isa = PBXBuildFile; fileRef = EB86951D173B91FB004C9092 /* icon.png */; };
		EB869520173B9201004C9092 /* icon@2x.png in Resources */ = {isa = PBXBuildFile; fileRef = EB86951F173B9201004C9092 /* icon@2x.png */; };
		EB869523173B93CE004C9092 /* default.png in Resources */ = {isa = PBXBuildFile; fileRef = EB869521173B93CE004C9092 /* default.png */; };
		EB869524173B93CE004C9092 /* default@2x.png in Resources */ = {isa = PBXBuildFile; fileRef = EB869522173B93CE004C9092 /* default@2x.png */; };
		EB86952C173B94D2004C9092 /* Default-568h@2x.png in Resources */ = {isa = PBXBuildFile; fileRef = EB86952B173B94D2004C9092 /* Default-568h@2x.png */; };
		EB86952F173B9612004C9092 /* MenuMethod.m in Sources */ = {isa = PBXBuildFile; fileRef = EB86952E173B9612004C9092 /* MenuMethod.m */; };
		EB989131172AAF5400E75638 /* MapPlace.m in Sources */ = {isa = PBXBuildFile; fileRef = EB98912C172AAF5400E75638 /* MapPlace.m */; };
		EB989132172AAF5400E75638 /* MKMapView+ZoomLevel.m in Sources */ = {isa = PBXBuildFile; fileRef = EB98912E172AAF5400E75638 /* MKMapView+ZoomLevel.m */; };
		EB989133172AAF5400E75638 /* ViewMapAnnotationView.m in Sources */ = {isa = PBXBuildFile; fileRef = EB989130172AAF5400E75638 /* ViewMapAnnotationView.m */; };
		EB989138172B8BF300E75638 /* SVPulsingAnnotationView.m in Sources */ = {isa = PBXBuildFile; fileRef = EB989137172B8BF300E75638 /* SVPulsingAnnotationView.m */; };
		EB98913A172BDB5E00E75638 /* logo_push@2x.png in Resources */ = {isa = PBXBuildFile; fileRef = EB989139172BDB5C00E75638 /* logo_push@2x.png */; };
		EBAC23F21733B706009D8519 /* product_all_cn.json in Resources */ = {isa = PBXBuildFile; fileRef = EBAC23F01733B706009D8519 /* product_all_cn.json */; };
		EBAC23F31733B706009D8519 /* product_all_en.json in Resources */ = {isa = PBXBuildFile; fileRef = EBAC23F11733B706009D8519 /* product_all_en.json */; };
		EBAC23F517377AE0009D8519 /* product_bg@2x.png in Resources */ = {isa = PBXBuildFile; fileRef = EBAC23F417377AE0009D8519 /* product_bg@2x.png */; };
		EBAC23F717377D65009D8519 /* categories_bg@2x.png in Resources */ = {isa = PBXBuildFile; fileRef = EBAC23F617377D65009D8519 /* categories_bg@2x.png */; };
		EBAC24101737A60F009D8519 /* blt.png in Resources */ = {isa = PBXBuildFile; fileRef = EBAC23F81737A60D009D8519 /* blt.png */; };
		EBAC24111737A60F009D8519 /* breakfast.png in Resources */ = {isa = PBXBuildFile; fileRef = EBAC23F91737A60E009D8519 /* breakfast.png */; };
		EBAC24121737A60F009D8519 /* chicken_teriyaki.png in Resources */ = {isa = PBXBuildFile; fileRef = EBAC23FA1737A60E009D8519 /* chicken_teriyaki.png */; };
		EBAC24131737A60F009D8519 /* chips.png in Resources */ = {isa = PBXBuildFile; fileRef = EBAC23FB1737A60E009D8519 /* chips.png */; };
		EBAC24141737A60F009D8519 /* club.png in Resources */ = {isa = PBXBuildFile; fileRef = EBAC23FC1737A60E009D8519 /* club.png */; };
		EBAC24151737A60F009D8519 /* cookie.png in Resources */ = {isa = PBXBuildFile; fileRef = EBAC23FD1737A60E009D8519 /* cookie.png */; };
		EBAC24161737A60F009D8519 /* cookies.png in Resources */ = {isa = PBXBuildFile; fileRef = EBAC23FE1737A60E009D8519 /* cookies.png */; };
		EBAC24171737A60F009D8519 /* drinks_sides.png in Resources */ = {isa = PBXBuildFile; fileRef = EBAC23FF1737A60E009D8519 /* drinks_sides.png */; };
		EBAC24181737A60F009D8519 /* drinks.png in Resources */ = {isa = PBXBuildFile; fileRef = EBAC24001737A60E009D8519 /* drinks.png */; };
		EBAC24191737A60F009D8519 /* ham_salad.png in Resources */ = {isa = PBXBuildFile; fileRef = EBAC24011737A60E009D8519 /* ham_salad.png */; };
		EBAC241A1737A60F009D8519 /* ham.png in Resources */ = {isa = PBXBuildFile; fileRef = EBAC24021737A60E009D8519 /* ham.png */; };
		EBAC241B1737A60F009D8519 /* italian_bmt.png in Resources */ = {isa = PBXBuildFile; fileRef = EBAC24031737A60E009D8519 /* italian_bmt.png */; };
		EBAC241C1737A60F009D8519 /* italian_sausage.png in Resources */ = {isa = PBXBuildFile; fileRef = EBAC24041737A60E009D8519 /* italian_sausage.png */; };
		EBAC241D1737A60F009D8519 /* melt.png in Resources */ = {isa = PBXBuildFile; fileRef = EBAC24051737A60E009D8519 /* melt.png */; };
		EBAC241E1737A60F009D8519 /* roast_beef.png in Resources */ = {isa = PBXBuildFile; fileRef = EBAC24061737A60E009D8519 /* roast_beef.png */; };
		EBAC241F1737A60F009D8519 /* roasted_chicken.png in Resources */ = {isa = PBXBuildFile; fileRef = EBAC24071737A60E009D8519 /* roasted_chicken.png */; };
		EBAC24201737A60F009D8519 /* sea.png in Resources */ = {isa = PBXBuildFile; fileRef = EBAC24081737A60E009D8519 /* sea.png */; };
		EBAC24211737A60F009D8519 /* soup.png in Resources */ = {isa = PBXBuildFile; fileRef = EBAC24091737A60F009D8519 /* soup.png */; };
		EBAC24221737A60F009D8519 /* spita.png in Resources */ = {isa = PBXBuildFile; fileRef = EBAC240A1737A60F009D8519 /* spita.png */; };
		EBAC24231737A60F009D8519 /* steak_cheese.png in Resources */ = {isa = PBXBuildFile; fileRef = EBAC240B1737A60F009D8519 /* steak_cheese.png */; };
		EBAC24241737A60F009D8519 /* tuna.png in Resources */ = {isa = PBXBuildFile; fileRef = EBAC240C1737A60F009D8519 /* tuna.png */; };
		EBAC24251737A60F009D8519 /* turkey_breast.png in Resources */ = {isa = PBXBuildFile; fileRef = EBAC240D1737A60F009D8519 /* turkey_breast.png */; };
		EBAC24261737A60F009D8519 /* veggie.png in Resources */ = {isa = PBXBuildFile; fileRef = EBAC240E1737A60F009D8519 /* veggie.png */; };
		EBAC24271737A60F009D8519 /* wrap.png in Resources */ = {isa = PBXBuildFile; fileRef = EBAC240F1737A60F009D8519 /* wrap.png */; };
		EBAC242A1737C1A4009D8519 /* DDPageControl.m in Sources */ = {isa = PBXBuildFile; fileRef = EBAC24291737C1A3009D8519 /* DDPageControl.m */; };
		EBB4CF9D171FADE9006DAF2F /* UIKit.framework in Frameworks */ = {isa = PBXBuildFile; fileRef = EBB4CF9C171FADE9006DAF2F /* UIKit.framework */; };
		EBB4CF9F171FADE9006DAF2F /* Foundation.framework in Frameworks */ = {isa = PBXBuildFile; fileRef = EBB4CF9E171FADE9006DAF2F /* Foundation.framework */; };
		EBB4CFA1171FADE9006DAF2F /* CoreGraphics.framework in Frameworks */ = {isa = PBXBuildFile; fileRef = EBB4CFA0171FADE9006DAF2F /* CoreGraphics.framework */; };
		EBB4CFA7171FADE9006DAF2F /* InfoPlist.strings in Resources */ = {isa = PBXBuildFile; fileRef = EBB4CFA5171FADE9006DAF2F /* InfoPlist.strings */; };
		EBB4CFA9171FADE9006DAF2F /* main.m in Sources */ = {isa = PBXBuildFile; fileRef = EBB4CFA8171FADE9006DAF2F /* main.m */; };
		EBB4CFAD171FADE9006DAF2F /* AppDelegate.m in Sources */ = {isa = PBXBuildFile; fileRef = EBB4CFAC171FADE9006DAF2F /* AppDelegate.m */; };
		EBB4CFAF171FADE9006DAF2F /* Default.png in Resources */ = {isa = PBXBuildFile; fileRef = EBB4CFAE171FADE9006DAF2F /* Default.png */; };
		EBB4CFB1171FADE9006DAF2F /* Default@2x.png in Resources */ = {isa = PBXBuildFile; fileRef = EBB4CFB0171FADE9006DAF2F /* Default@2x.png */; };
		EBB4CFB6171FADE9006DAF2F /* HomePageController.m in Sources */ = {isa = PBXBuildFile; fileRef = EBB4CFB5171FADE9006DAF2F /* HomePageController.m */; };
		EBB4CFB9171FADE9006DAF2F /* HomePageController.xib in Resources */ = {isa = PBXBuildFile; fileRef = EBB4CFB7171FADE9006DAF2F /* HomePageController.xib */; };
		EBB4CFD4171FBB5C006DAF2F /* background@2x.png in Resources */ = {isa = PBXBuildFile; fileRef = EBB4CFC2171FBB5C006DAF2F /* background@2x.png */; };
		EBB4CFD5171FBB5C006DAF2F /* background_iphone5@2x.png in Resources */ = {isa = PBXBuildFile; fileRef = EBB4CFC3171FBB5C006DAF2F /* background_iphone5@2x.png */; };
		EBB4CFD6171FBB5C006DAF2F /* btn_red_off@2x.png in Resources */ = {isa = PBXBuildFile; fileRef = EBB4CFC4171FBB5C006DAF2F /* btn_red_off@2x.png */; };
		EBB4CFD7171FBB5C006DAF2F /* btn_red_on@2x.png in Resources */ = {isa = PBXBuildFile; fileRef = EBB4CFC5171FBB5C006DAF2F /* btn_red_on@2x.png */; };
		EBB4CFD8171FBB5C006DAF2F /* btn_yellow_off@2x.png in Resources */ = {isa = PBXBuildFile; fileRef = EBB4CFC6171FBB5C006DAF2F /* btn_yellow_off@2x.png */; };
		EBB4CFD9171FBB5C006DAF2F /* btn_yellow_on@2x.png in Resources */ = {isa = PBXBuildFile; fileRef = EBB4CFC7171FBB5C006DAF2F /* btn_yellow_on@2x.png */; };
		EBB4CFDA171FBB5C006DAF2F /* bullet_list_off@2x.png in Resources */ = {isa = PBXBuildFile; fileRef = EBB4CFC8171FBB5C006DAF2F /* bullet_list_off@2x.png */; };
		EBB4CFDB171FBB5C006DAF2F /* bullet_list_on@2x.png in Resources */ = {isa = PBXBuildFile; fileRef = EBB4CFC9171FBB5C006DAF2F /* bullet_list_on@2x.png */; };
		EBB4CFDC171FBB5C006DAF2F /* logo_aroundme@2x.png in Resources */ = {isa = PBXBuildFile; fileRef = EBB4CFCA171FBB5C006DAF2F /* logo_aroundme@2x.png */; };
		EBB4CFDD171FBB5C006DAF2F /* logo_back@2x.png in Resources */ = {isa = PBXBuildFile; fileRef = EBB4CFCB171FBB5C006DAF2F /* logo_back@2x.png */; };
		EBB4CFDE171FBB5C006DAF2F /* logo_email@2x.png in Resources */ = {isa = PBXBuildFile; fileRef = EBB4CFCC171FBB5C006DAF2F /* logo_email@2x.png */; };
		EBB4CFDF171FBB5C006DAF2F /* logo_home@2x.png in Resources */ = {isa = PBXBuildFile; fileRef = EBB4CFCD171FBB5C006DAF2F /* logo_home@2x.png */; };
		EBB4CFE0171FBB5C006DAF2F /* logo_phone@2x.png in Resources */ = {isa = PBXBuildFile; fileRef = EBB4CFCE171FBB5C006DAF2F /* logo_phone@2x.png */; };
		EBB4CFE1171FBB5C006DAF2F /* logo_storelocator@2x.png in Resources */ = {isa = PBXBuildFile; fileRef = EBB4CFCF171FBB5C006DAF2F /* logo_storelocator@2x.png */; };
		EBB4CFE2171FBB5C006DAF2F /* logo_suboftheday@2x.png in Resources */ = {isa = PBXBuildFile; fileRef = EBB4CFD0171FBB5C006DAF2F /* logo_suboftheday@2x.png */; };
		EBB4CFE3171FBB5C006DAF2F /* logo_subway@2x.png in Resources */ = {isa = PBXBuildFile; fileRef = EBB4CFD1171FBB5C006DAF2F /* logo_subway@2x.png */; };
		EBB4CFE4171FBB5C006DAF2F /* logo_weibo@2x.png in Resources */ = {isa = PBXBuildFile; fileRef = EBB4CFD2171FBB5C006DAF2F /* logo_weibo@2x.png */; };
		EBB4CFE5171FBB5C006DAF2F /* separator@2x.png in Resources */ = {isa = PBXBuildFile; fileRef = EBB4CFD3171FBB5C006DAF2F /* separator@2x.png */; };
		EBB4CFED171FBB67006DAF2F /* home_footer_btn_coupons_off@2x.png in Resources */ = {isa = PBXBuildFile; fileRef = EBB4CFE7171FBB67006DAF2F /* home_footer_btn_coupons_off@2x.png */; };
		EBB4CFEE171FBB67006DAF2F /* home_footer_btn_coupons_on@2x.png in Resources */ = {isa = PBXBuildFile; fileRef = EBB4CFE8171FBB67006DAF2F /* home_footer_btn_coupons_on@2x.png */; };
		EBB4CFEF171FBB67006DAF2F /* home_footer_btn_menu_off@2x.png in Resources */ = {isa = PBXBuildFile; fileRef = EBB4CFE9171FBB67006DAF2F /* home_footer_btn_menu_off@2x.png */; };
		EBB4CFF0171FBB67006DAF2F /* home_footer_btn_menu_on@2x.png in Resources */ = {isa = PBXBuildFile; fileRef = EBB4CFEA171FBB67006DAF2F /* home_footer_btn_menu_on@2x.png */; };
		EBB4CFF2171FBB67006DAF2F /* home_sub_background@2x.png in Resources */ = {isa = PBXBuildFile; fileRef = EBB4CFEC171FBB67006DAF2F /* home_sub_background@2x.png */; };
		EBB4D004171FBB86006DAF2F /* map_pin@2x.png in Resources */ = {isa = PBXBuildFile; fileRef = EBB4CFFF171FBB86006DAF2F /* map_pin@2x.png */; };
		EBB4D005171FBB86006DAF2F /* map_pin_open@2x.png in Resources */ = {isa = PBXBuildFile; fileRef = EBB4D000171FBB86006DAF2F /* map_pin_open@2x.png */; };
		EBB4D006171FBB86006DAF2F /* store_footer_btn_off@2x.png in Resources */ = {isa = PBXBuildFile; fileRef = EBB4D001171FBB86006DAF2F /* store_footer_btn_off@2x.png */; };
		EBB4D007171FBB86006DAF2F /* store_footer_btn_on@2x.png in Resources */ = {isa = PBXBuildFile; fileRef = EBB4D002171FBB86006DAF2F /* store_footer_btn_on@2x.png */; };
		EBB4D008171FBB86006DAF2F /* store_footer_icon@2x.png in Resources */ = {isa = PBXBuildFile; fileRef = EBB4D003171FBB86006DAF2F /* store_footer_icon@2x.png */; };
		EBB4D035171FD77B006DAF2F /* ApexNew-Bold.otf in Resources */ = {isa = PBXBuildFile; fileRef = EBB4D027171FD77B006DAF2F /* ApexNew-Bold.otf */; };
		EBB4D036171FD77B006DAF2F /* ApexNew-BoldItalic.otf in Resources */ = {isa = PBXBuildFile; fileRef = EBB4D028171FD77B006DAF2F /* ApexNew-BoldItalic.otf */; };
		EBB4D037171FD77B006DAF2F /* ApexNew-Book.otf in Resources */ = {isa = PBXBuildFile; fileRef = EBB4D029171FD77B006DAF2F /* ApexNew-Book.otf */; };
		EBB4D038171FD77B006DAF2F /* ApexNew-BookItalic.otf in Resources */ = {isa = PBXBuildFile; fileRef = EBB4D02A171FD77B006DAF2F /* ApexNew-BookItalic.otf */; };
		EBB4D039171FD77B006DAF2F /* ApexNew-Heavy.otf in Resources */ = {isa = PBXBuildFile; fileRef = EBB4D02B171FD77B006DAF2F /* ApexNew-Heavy.otf */; };
		EBB4D03A171FD77B006DAF2F /* ApexNew-HeavyItalic.otf in Resources */ = {isa = PBXBuildFile; fileRef = EBB4D02C171FD77B006DAF2F /* ApexNew-HeavyItalic.otf */; };
		EBB4D03B171FD77B006DAF2F /* ApexNew-Light.otf in Resources */ = {isa = PBXBuildFile; fileRef = EBB4D02D171FD77B006DAF2F /* ApexNew-Light.otf */; };
		EBB4D03C171FD77B006DAF2F /* ApexNew-LightItalic.otf in Resources */ = {isa = PBXBuildFile; fileRef = EBB4D02E171FD77B006DAF2F /* ApexNew-LightItalic.otf */; };
		EBB4D03D171FD77B006DAF2F /* ApexNew-Medium.otf in Resources */ = {isa = PBXBuildFile; fileRef = EBB4D02F171FD77B006DAF2F /* ApexNew-Medium.otf */; };
		EBB4D03E171FD77B006DAF2F /* ApexNew-MediumItalic.otf in Resources */ = {isa = PBXBuildFile; fileRef = EBB4D030171FD77B006DAF2F /* ApexNew-MediumItalic.otf */; };
		EBB4D03F171FD77B006DAF2F /* ApexNew-Thin.otf in Resources */ = {isa = PBXBuildFile; fileRef = EBB4D031171FD77B006DAF2F /* ApexNew-Thin.otf */; };
		EBB4D040171FD77B006DAF2F /* ApexNew-ThinItalic.otf in Resources */ = {isa = PBXBuildFile; fileRef = EBB4D032171FD77B006DAF2F /* ApexNew-ThinItalic.otf */; };
		EBB4D041171FD77B006DAF2F /* ApexNew-Ultra.otf in Resources */ = {isa = PBXBuildFile; fileRef = EBB4D033171FD77B006DAF2F /* ApexNew-Ultra.otf */; };
		EBB4D042171FD77B006DAF2F /* ApexNew-UltraItalic.otf in Resources */ = {isa = PBXBuildFile; fileRef = EBB4D034171FD77B006DAF2F /* ApexNew-UltraItalic.otf */; };
		EBB4D046171FD89A006DAF2F /* DisplayMethod.m in Sources */ = {isa = PBXBuildFile; fileRef = EBB4D045171FD89A006DAF2F /* DisplayMethod.m */; };
		EBB4D060171FDEB0006DAF2F /* footer_catering_off@2x.png in Resources */ = {isa = PBXBuildFile; fileRef = EBB4D049171FDEB0006DAF2F /* footer_catering_off@2x.png */; };
		EBB4D061171FDEB0006DAF2F /* footer_catering_on@2x.png in Resources */ = {isa = PBXBuildFile; fileRef = EBB4D04A171FDEB0006DAF2F /* footer_catering_on@2x.png */; };
		EBB4D062171FDEB0006DAF2F /* footer_options_off@2x.png in Resources */ = {isa = PBXBuildFile; fileRef = EBB4D04B171FDEB0006DAF2F /* footer_options_off@2x.png */; };
		EBB4D063171FDEB0006DAF2F /* footer_options_on@2x.png in Resources */ = {isa = PBXBuildFile; fileRef = EBB4D04C171FDEB0006DAF2F /* footer_options_on@2x.png */; };
		EBB4D064171FDEB0006DAF2F /* footer_order_off@2x.png in Resources */ = {isa = PBXBuildFile; fileRef = EBB4D04D171FDEB0006DAF2F /* footer_order_off@2x.png */; };
		EBB4D065171FDEB0006DAF2F /* footer_order_on@2x.png in Resources */ = {isa = PBXBuildFile; fileRef = EBB4D04E171FDEB0006DAF2F /* footer_order_on@2x.png */; };
		EBB4D066171FDEB0006DAF2F /* icon_build@2x.png in Resources */ = {isa = PBXBuildFile; fileRef = EBB4D04F171FDEB0006DAF2F /* icon_build@2x.png */; };
		EBB4D067171FDEB0006DAF2F /* icon_energy@2x.png in Resources */ = {isa = PBXBuildFile; fileRef = EBB4D050171FDEB0006DAF2F /* icon_energy@2x.png */; };
		EBB4D068171FDEB0006DAF2F /* icon_lowfat@2x.png in Resources */ = {isa = PBXBuildFile; fileRef = EBB4D051171FDEB0006DAF2F /* icon_lowfat@2x.png */; };
		EBB4D069171FDEB0006DAF2F /* icon_tasty@2x.png in Resources */ = {isa = PBXBuildFile; fileRef = EBB4D052171FDEB0006DAF2F /* icon_tasty@2x.png */; };
		EBB4D06A171FDEB0006DAF2F /* icon_weibo@2x.png in Resources */ = {isa = PBXBuildFile; fileRef = EBB4D053171FDEB0006DAF2F /* icon_weibo@2x.png */; };
		EBB4D06B171FDEB0006DAF2F /* classic@2x.png in Resources */ = {isa = PBXBuildFile; fileRef = EBB4D054171FDEB0006DAF2F /* classic@2x.png */; };
		EBB4D06D171FDEB0006DAF2F /* drink@2x.png in Resources */ = {isa = PBXBuildFile; fileRef = EBB4D056171FDEB0006DAF2F /* drink@2x.png */; };
		EBB4D06F171FDEB0006DAF2F /* premium@2x.png in Resources */ = {isa = PBXBuildFile; fileRef = EBB4D058171FDEB0006DAF2F /* premium@2x.png */; };
		EBB4D071171FDEB0006DAF2F /* salad@2x.png in Resources */ = {isa = PBXBuildFile; fileRef = EBB4D05A171FDEB0006DAF2F /* salad@2x.png */; };
		EBB4D073171FDEB0006DAF2F /* value@2x.png in Resources */ = {isa = PBXBuildFile; fileRef = EBB4D05C171FDEB0006DAF2F /* value@2x.png */; };
		EBB4D075171FDEB0006DAF2F /* wrap@2x.png in Resources */ = {isa = PBXBuildFile; fileRef = EBB4D05E171FDEB0006DAF2F /* wrap@2x.png */; };
		EBB4D079171FE52E006DAF2F /* MenuViewController.m in Sources */ = {isa = PBXBuildFile; fileRef = EBB4D078171FE52D006DAF2F /* MenuViewController.m */; };
		EBB4D07C171FE544006DAF2F /* StoreLocatorViewController.mm in Sources */ = {isa = PBXBuildFile; fileRef = EBB4D07B171FE544006DAF2F /* StoreLocatorViewController.mm */; };
		EBB4D081171FE5DB006DAF2F /* breakfast@2x.png in Resources */ = {isa = PBXBuildFile; fileRef = EBB4D07F171FE5DB006DAF2F /* breakfast@2x.png */; };
		EBB4D083171FEAB4006DAF2F /* MapKit.framework in Frameworks */ = {isa = PBXBuildFile; fileRef = EBB4D082171FEAB4006DAF2F /* MapKit.framework */; };
		EBB4D085171FEAC0006DAF2F /* CFNetwork.framework in Frameworks */ = {isa = PBXBuildFile; fileRef = EBB4D084171FEAC0006DAF2F /* CFNetwork.framework */; };
		EBB4D0881720F5B4006DAF2F /* SettingMethod.m in Sources */ = {isa = PBXBuildFile; fileRef = EBB4D0871720F5B4006DAF2F /* SettingMethod.m */; };
		EBB4D08A1720F68C006DAF2F /* MessageUI.framework in Frameworks */ = {isa = PBXBuildFile; fileRef = EBB4D0891720F68C006DAF2F /* MessageUI.framework */; };
		EBB4D08C1720F696006DAF2F /* SystemConfiguration.framework in Frameworks */ = {isa = PBXBuildFile; fileRef = EBB4D08B1720F696006DAF2F /* SystemConfiguration.framework */; };
		EBB4D08E1720F6B2006DAF2F /* CoreLocation.framework in Frameworks */ = {isa = PBXBuildFile; fileRef = EBB4D08D1720F6B2006DAF2F /* CoreLocation.framework */; };
		EBB4D0901720F6B8006DAF2F /* Security.framework in Frameworks */ = {isa = PBXBuildFile; fileRef = EBB4D08F1720F6B8006DAF2F /* Security.framework */; };
		EBB4D09217211207006DAF2F /* QuartzCore.framework in Frameworks */ = {isa = PBXBuildFile; fileRef = EBB4D09117211207006DAF2F /* QuartzCore.framework */; };
		EBB4D097172120F4006DAF2F /* Localizable.strings in Resources */ = {isa = PBXBuildFile; fileRef = EBB4D096172120F3006DAF2F /* Localizable.strings */; };
		EBB4D09A17212F47006DAF2F /* UIColorCov.m in Sources */ = {isa = PBXBuildFile; fileRef = EBB4D09917212F47006DAF2F /* UIColorCov.m */; };
		EBB4D09D17212F7F006DAF2F /* CustomLabel.m in Sources */ = {isa = PBXBuildFile; fileRef = EBB4D09C17212F7F006DAF2F /* CustomLabel.m */; };
		EBCAA2E117320F58007F33B2 /* MBProgressHUD.m in Sources */ = {isa = PBXBuildFile; fileRef = EBCAA2E017320F58007F33B2 /* MBProgressHUD.m */; };
		EBCAA2E517321032007F33B2 /* no_connexion@2x.png in Resources */ = {isa = PBXBuildFile; fileRef = EBCAA2E417321032007F33B2 /* no_connexion@2x.png */; };
		EBCAA2E7173250B0007F33B2 /* Social.framework in Frameworks */ = {isa = PBXBuildFile; fileRef = EBCAA2E6173250B0007F33B2 /* Social.framework */; settings = {ATTRIBUTES = (Weak, ); }; };
		EBCAA2E917326CA8007F33B2 /* AddressBook.framework in Frameworks */ = {isa = PBXBuildFile; fileRef = EBCAA2E817326CA8007F33B2 /* AddressBook.framework */; };
/* End PBXBuildFile section */

/* Begin PBXFileReference section */
		469AF6DA173CB8010082CC2D /* BMapKit.h */ = {isa = PBXFileReference; fileEncoding = 4; lastKnownFileType = sourcecode.c.h; path = BMapKit.h; sourceTree = "<group>"; };
		469AF6DB173CB8010082CC2D /* BMKAnnotation.h */ = {isa = PBXFileReference; fileEncoding = 4; lastKnownFileType = sourcecode.c.h; path = BMKAnnotation.h; sourceTree = "<group>"; };
		469AF6DC173CB8010082CC2D /* BMKAnnotationView.h */ = {isa = PBXFileReference; fileEncoding = 4; lastKnownFileType = sourcecode.c.h; path = BMKAnnotationView.h; sourceTree = "<group>"; };
		469AF6DD173CB8010082CC2D /* BMKCircle.h */ = {isa = PBXFileReference; fileEncoding = 4; lastKnownFileType = sourcecode.c.h; path = BMKCircle.h; sourceTree = "<group>"; };
		469AF6DE173CB8010082CC2D /* BMKCircleView.h */ = {isa = PBXFileReference; fileEncoding = 4; lastKnownFileType = sourcecode.c.h; path = BMKCircleView.h; sourceTree = "<group>"; };
		469AF6DF173CB8010082CC2D /* BMKGeneralDelegate.h */ = {isa = PBXFileReference; fileEncoding = 4; lastKnownFileType = sourcecode.c.h; path = BMKGeneralDelegate.h; sourceTree = "<group>"; };
		469AF6E0173CB8010082CC2D /* BMKGeocodeType.h */ = {isa = PBXFileReference; fileEncoding = 4; lastKnownFileType = sourcecode.c.h; path = BMKGeocodeType.h; sourceTree = "<group>"; };
		469AF6E1173CB8010082CC2D /* BMKGeometry.h */ = {isa = PBXFileReference; fileEncoding = 4; lastKnownFileType = sourcecode.c.h; path = BMKGeometry.h; sourceTree = "<group>"; };
		469AF6E2173CB8010082CC2D /* BMKMapManager.h */ = {isa = PBXFileReference; fileEncoding = 4; lastKnownFileType = sourcecode.c.h; path = BMKMapManager.h; sourceTree = "<group>"; };
		469AF6E3173CB8010082CC2D /* BMKMapView.h */ = {isa = PBXFileReference; fileEncoding = 4; lastKnownFileType = sourcecode.c.h; path = BMKMapView.h; sourceTree = "<group>"; };
		469AF6E4173CB8010082CC2D /* BMKMultiPoint.h */ = {isa = PBXFileReference; fileEncoding = 4; lastKnownFileType = sourcecode.c.h; path = BMKMultiPoint.h; sourceTree = "<group>"; };
		469AF6E5173CB8010082CC2D /* BMKOfflineMap.h */ = {isa = PBXFileReference; fileEncoding = 4; lastKnownFileType = sourcecode.c.h; path = BMKOfflineMap.h; sourceTree = "<group>"; };
		469AF6E6173CB8010082CC2D /* BMKOfflineMapType.h */ = {isa = PBXFileReference; fileEncoding = 4; lastKnownFileType = sourcecode.c.h; path = BMKOfflineMapType.h; sourceTree = "<group>"; };
		469AF6E7173CB8010082CC2D /* BMKOverlay.h */ = {isa = PBXFileReference; fileEncoding = 4; lastKnownFileType = sourcecode.c.h; path = BMKOverlay.h; sourceTree = "<group>"; };
		469AF6E8173CB8010082CC2D /* BMKOverlayPathView.h */ = {isa = PBXFileReference; fileEncoding = 4; lastKnownFileType = sourcecode.c.h; path = BMKOverlayPathView.h; sourceTree = "<group>"; };
		469AF6E9173CB8010082CC2D /* BMKOverlayView.h */ = {isa = PBXFileReference; fileEncoding = 4; lastKnownFileType = sourcecode.c.h; path = BMKOverlayView.h; sourceTree = "<group>"; };
		469AF6EA173CB8010082CC2D /* BMKPinAnnotationView.h */ = {isa = PBXFileReference; fileEncoding = 4; lastKnownFileType = sourcecode.c.h; path = BMKPinAnnotationView.h; sourceTree = "<group>"; };
		469AF6EB173CB8010082CC2D /* BMKPointAnnotation.h */ = {isa = PBXFileReference; fileEncoding = 4; lastKnownFileType = sourcecode.c.h; path = BMKPointAnnotation.h; sourceTree = "<group>"; };
		469AF6EC173CB8010082CC2D /* BMKPoiSearchType.h */ = {isa = PBXFileReference; fileEncoding = 4; lastKnownFileType = sourcecode.c.h; path = BMKPoiSearchType.h; sourceTree = "<group>"; };
		469AF6ED173CB8010082CC2D /* BMKPolygon.h */ = {isa = PBXFileReference; fileEncoding = 4; lastKnownFileType = sourcecode.c.h; path = BMKPolygon.h; sourceTree = "<group>"; };
		469AF6EE173CB8010082CC2D /* BMKPolygonView.h */ = {isa = PBXFileReference; fileEncoding = 4; lastKnownFileType = sourcecode.c.h; path = BMKPolygonView.h; sourceTree = "<group>"; };
		469AF6EF173CB8010082CC2D /* BMKPolyline.h */ = {isa = PBXFileReference; fileEncoding = 4; lastKnownFileType = sourcecode.c.h; path = BMKPolyline.h; sourceTree = "<group>"; };
		469AF6F0173CB8010082CC2D /* BMKPolylineView.h */ = {isa = PBXFileReference; fileEncoding = 4; lastKnownFileType = sourcecode.c.h; path = BMKPolylineView.h; sourceTree = "<group>"; };
		469AF6F1173CB8010082CC2D /* BMKRouteSearchType.h */ = {isa = PBXFileReference; fileEncoding = 4; lastKnownFileType = sourcecode.c.h; path = BMKRouteSearchType.h; sourceTree = "<group>"; };
		469AF6F2173CB8010082CC2D /* BMKSearch.h */ = {isa = PBXFileReference; fileEncoding = 4; lastKnownFileType = sourcecode.c.h; path = BMKSearch.h; sourceTree = "<group>"; };
		469AF6F3173CB8010082CC2D /* BMKShape.h */ = {isa = PBXFileReference; fileEncoding = 4; lastKnownFileType = sourcecode.c.h; path = BMKShape.h; sourceTree = "<group>"; };
		469AF6F4173CB8010082CC2D /* BMKTypes.h */ = {isa = PBXFileReference; fileEncoding = 4; lastKnownFileType = sourcecode.c.h; path = BMKTypes.h; sourceTree = "<group>"; };
		469AF6F5173CB8010082CC2D /* BMKUserLocation.h */ = {isa = PBXFileReference; fileEncoding = 4; lastKnownFileType = sourcecode.c.h; path = BMKUserLocation.h; sourceTree = "<group>"; };
		469AF6F6173CB8010082CC2D /* BMKVersion.h */ = {isa = PBXFileReference; fileEncoding = 4; lastKnownFileType = sourcecode.c.h; path = BMKVersion.h; sourceTree = "<group>"; };
		469AF6F7173CB81D0082CC2D /* libbaidumapapi.a */ = {isa = PBXFileReference; lastKnownFileType = archive.ar; path = libbaidumapapi.a; sourceTree = "<group>"; };
		469AF6F9173CB8460082CC2D /* mapapi.bundle */ = {isa = PBXFileReference; lastKnownFileType = "wrapper.plug-in"; path = mapapi.bundle; sourceTree = "<group>"; };
		469AF6FB174085B90082CC2D /* HowToOrderViewController.h */ = {isa = PBXFileReference; fileEncoding = 4; lastKnownFileType = sourcecode.c.h; path = HowToOrderViewController.h; sourceTree = "<group>"; };
		469AF6FC174085B90082CC2D /* HowToOrderViewController.m */ = {isa = PBXFileReference; fileEncoding = 4; lastKnownFileType = sourcecode.c.objc; path = HowToOrderViewController.m; sourceTree = "<group>"; };
		856FD1891738D6D0001EED8D /* FrameworkChecker.h */ = {isa = PBXFileReference; fileEncoding = 4; lastKnownFileType = sourcecode.c.h; name = FrameworkChecker.h; path = Helpers/FrameworkChecker.h; sourceTree = "<group>"; };
		856FD18A1738D6D0001EED8D /* FrameworkChecker.m */ = {isa = PBXFileReference; fileEncoding = 4; lastKnownFileType = sourcecode.c.objc; name = FrameworkChecker.m; path = Helpers/FrameworkChecker.m; sourceTree = "<group>"; };
		EB2140EB1740A000009983BA /* howtoorder-bg@2x.png */ = {isa = PBXFileReference; lastKnownFileType = image.png; path = "howtoorder-bg@2x.png"; sourceTree = "<group>"; };
		EB2140EC1740A000009983BA /* howtoorder-numbersbg@2x.png */ = {isa = PBXFileReference; lastKnownFileType = image.png; path = "howtoorder-numbersbg@2x.png"; sourceTree = "<group>"; };
		EB2140ED1740A000009983BA /* howtoorder-titlebg@2x.png */ = {isa = PBXFileReference; lastKnownFileType = image.png; path = "howtoorder-titlebg@2x.png"; sourceTree = "<group>"; };
		EB2140EE1740A000009983BA /* howtoorder_p1@2x.png */ = {isa = PBXFileReference; lastKnownFileType = image.png; path = "howtoorder_p1@2x.png"; sourceTree = "<group>"; };
		EB2140EF1740A000009983BA /* howtoorder_p2@2x.png */ = {isa = PBXFileReference; lastKnownFileType = image.png; path = "howtoorder_p2@2x.png"; sourceTree = "<group>"; };
		EB2140F01740A000009983BA /* howtoorder_p3@2x.png */ = {isa = PBXFileReference; lastKnownFileType = image.png; path = "howtoorder_p3@2x.png"; sourceTree = "<group>"; };
		EB2140F11740A000009983BA /* howtoorder_p4@2x.png */ = {isa = PBXFileReference; lastKnownFileType = image.png; path = "howtoorder_p4@2x.png"; sourceTree = "<group>"; };
		EB2140F21740A000009983BA /* howtoorder_p5@2x.png */ = {isa = PBXFileReference; lastKnownFileType = image.png; path = "howtoorder_p5@2x.png"; sourceTree = "<group>"; };
		EB2140F31740A000009983BA /* howtoorder_p6@2x.png */ = {isa = PBXFileReference; lastKnownFileType = image.png; path = "howtoorder_p6@2x.png"; sourceTree = "<group>"; };
		EB2140F41740A000009983BA /* howtoorder_p7@2x.png */ = {isa = PBXFileReference; lastKnownFileType = image.png; path = "howtoorder_p7@2x.png"; sourceTree = "<group>"; };
		EB2140FF1740A3FA009983BA /* taxo_on@2x.png */ = {isa = PBXFileReference; lastKnownFileType = image.png; path = "taxo_on@2x.png"; sourceTree = "<group>"; };
		EB239FD017278344006AD619 /* DatabaseMethod.h */ = {isa = PBXFileReference; fileEncoding = 4; lastKnownFileType = sourcecode.c.h; path = DatabaseMethod.h; sourceTree = "<group>"; };
		EB239FD117278344006AD619 /* DatabaseMethod.m */ = {isa = PBXFileReference; fileEncoding = 4; lastKnownFileType = sourcecode.c.objc; path = DatabaseMethod.m; sourceTree = "<group>"; };
		EB239FD41727DEA4006AD619 /* libsqlite3.0.dylib */ = {isa = PBXFileReference; lastKnownFileType = "compiled.mach-o.dylib"; name = libsqlite3.0.dylib; path = usr/lib/libsqlite3.0.dylib; sourceTree = SDKROOT; };
		EB5F6255172A3441006E053B /* StoreLocator.h */ = {isa = PBXFileReference; fileEncoding = 4; lastKnownFileType = sourcecode.c.h; path = StoreLocator.h; sourceTree = "<group>"; };
		EB5F6256172A3441006E053B /* StoreLocator.m */ = {isa = PBXFileReference; fileEncoding = 4; lastKnownFileType = sourcecode.c.objc; path = StoreLocator.m; sourceTree = "<group>"; };
		EB5F6258172A55A7006E053B /* UIViewController+KNSemiModal.h */ = {isa = PBXFileReference; fileEncoding = 4; lastKnownFileType = sourcecode.c.h; path = "UIViewController+KNSemiModal.h"; sourceTree = "<group>"; };
		EB5F6259172A55A7006E053B /* UIViewController+KNSemiModal.m */ = {isa = PBXFileReference; fileEncoding = 4; lastKnownFileType = sourcecode.c.objc; path = "UIViewController+KNSemiModal.m"; sourceTree = "<group>"; };
		EB869513173B872E004C9092 /* libz.dylib */ = {isa = PBXFileReference; lastKnownFileType = "compiled.mach-o.dylib"; name = libz.dylib; path = usr/lib/libz.dylib; sourceTree = SDKROOT; };
		EB869516173B8754004C9092 /* libTestFlight.a */ = {isa = PBXFileReference; lastKnownFileType = archive.ar; path = libTestFlight.a; sourceTree = "<group>"; };
		EB869517173B8754004C9092 /* TestFlight.h */ = {isa = PBXFileReference; fileEncoding = 4; lastKnownFileType = sourcecode.c.h; path = TestFlight.h; sourceTree = "<group>"; };
		EB86951D173B91FB004C9092 /* icon.png */ = {isa = PBXFileReference; lastKnownFileType = image.png; path = icon.png; sourceTree = "<group>"; };
		EB86951F173B9201004C9092 /* icon@2x.png */ = {isa = PBXFileReference; lastKnownFileType = image.png; path = "icon@2x.png"; sourceTree = "<group>"; };
		EB869521173B93CE004C9092 /* default.png */ = {isa = PBXFileReference; lastKnownFileType = image.png; name = default.png; path = Subway/Ressources/Images/default.png; sourceTree = "<group>"; };
		EB869522173B93CE004C9092 /* default@2x.png */ = {isa = PBXFileReference; lastKnownFileType = image.png; name = "default@2x.png"; path = "Subway/Ressources/Images/default@2x.png"; sourceTree = "<group>"; };
		EB86952B173B94D2004C9092 /* Default-568h@2x.png */ = {isa = PBXFileReference; lastKnownFileType = image.png; path = "Default-568h@2x.png"; sourceTree = "<group>"; };
		EB86952D173B9612004C9092 /* MenuMethod.h */ = {isa = PBXFileReference; fileEncoding = 4; lastKnownFileType = sourcecode.c.h; path = MenuMethod.h; sourceTree = "<group>"; };
		EB86952E173B9612004C9092 /* MenuMethod.m */ = {isa = PBXFileReference; fileEncoding = 4; lastKnownFileType = sourcecode.c.objc; path = MenuMethod.m; sourceTree = "<group>"; };
		EB98912B172AAF5400E75638 /* MapPlace.h */ = {isa = PBXFileReference; fileEncoding = 4; lastKnownFileType = sourcecode.c.h; path = MapPlace.h; sourceTree = "<group>"; };
		EB98912C172AAF5400E75638 /* MapPlace.m */ = {isa = PBXFileReference; fileEncoding = 4; lastKnownFileType = sourcecode.c.objc; path = MapPlace.m; sourceTree = "<group>"; };
		EB98912D172AAF5400E75638 /* MKMapView+ZoomLevel.h */ = {isa = PBXFileReference; fileEncoding = 4; lastKnownFileType = sourcecode.c.h; path = "MKMapView+ZoomLevel.h"; sourceTree = "<group>"; };
		EB98912E172AAF5400E75638 /* MKMapView+ZoomLevel.m */ = {isa = PBXFileReference; fileEncoding = 4; lastKnownFileType = sourcecode.c.objc; path = "MKMapView+ZoomLevel.m"; sourceTree = "<group>"; };
		EB98912F172AAF5400E75638 /* ViewMapAnnotationView.h */ = {isa = PBXFileReference; fileEncoding = 4; lastKnownFileType = sourcecode.c.h; path = ViewMapAnnotationView.h; sourceTree = "<group>"; };
		EB989130172AAF5400E75638 /* ViewMapAnnotationView.m */ = {isa = PBXFileReference; fileEncoding = 4; lastKnownFileType = sourcecode.c.objc; path = ViewMapAnnotationView.m; sourceTree = "<group>"; };
		EB989136172B8BF300E75638 /* SVPulsingAnnotationView.h */ = {isa = PBXFileReference; fileEncoding = 4; lastKnownFileType = sourcecode.c.h; path = SVPulsingAnnotationView.h; sourceTree = "<group>"; };
		EB989137172B8BF300E75638 /* SVPulsingAnnotationView.m */ = {isa = PBXFileReference; fileEncoding = 4; lastKnownFileType = sourcecode.c.objc; path = SVPulsingAnnotationView.m; sourceTree = "<group>"; };
		EB989139172BDB5C00E75638 /* logo_push@2x.png */ = {isa = PBXFileReference; lastKnownFileType = image.png; path = "logo_push@2x.png"; sourceTree = "<group>"; };
		EBAC23F01733B706009D8519 /* product_all_cn.json */ = {isa = PBXFileReference; fileEncoding = 4; lastKnownFileType = text.json; path = product_all_cn.json; sourceTree = "<group>"; };
		EBAC23F11733B706009D8519 /* product_all_en.json */ = {isa = PBXFileReference; fileEncoding = 4; lastKnownFileType = text.json; path = product_all_en.json; sourceTree = "<group>"; };
		EBAC23F417377AE0009D8519 /* product_bg@2x.png */ = {isa = PBXFileReference; lastKnownFileType = image.png; path = "product_bg@2x.png"; sourceTree = "<group>"; };
		EBAC23F617377D65009D8519 /* categories_bg@2x.png */ = {isa = PBXFileReference; lastKnownFileType = image.png; path = "categories_bg@2x.png"; sourceTree = "<group>"; };
		EBAC23F81737A60D009D8519 /* blt.png */ = {isa = PBXFileReference; lastKnownFileType = image.png; path = blt.png; sourceTree = "<group>"; };
		EBAC23F91737A60E009D8519 /* breakfast.png */ = {isa = PBXFileReference; lastKnownFileType = image.png; path = breakfast.png; sourceTree = "<group>"; };
		EBAC23FA1737A60E009D8519 /* chicken_teriyaki.png */ = {isa = PBXFileReference; lastKnownFileType = image.png; path = chicken_teriyaki.png; sourceTree = "<group>"; };
		EBAC23FB1737A60E009D8519 /* chips.png */ = {isa = PBXFileReference; lastKnownFileType = image.png; path = chips.png; sourceTree = "<group>"; };
		EBAC23FC1737A60E009D8519 /* club.png */ = {isa = PBXFileReference; lastKnownFileType = image.png; path = club.png; sourceTree = "<group>"; };
		EBAC23FD1737A60E009D8519 /* cookie.png */ = {isa = PBXFileReference; lastKnownFileType = image.png; path = cookie.png; sourceTree = "<group>"; };
		EBAC23FE1737A60E009D8519 /* cookies.png */ = {isa = PBXFileReference; lastKnownFileType = image.png; path = cookies.png; sourceTree = "<group>"; };
		EBAC23FF1737A60E009D8519 /* drinks_sides.png */ = {isa = PBXFileReference; lastKnownFileType = image.png; path = drinks_sides.png; sourceTree = "<group>"; };
		EBAC24001737A60E009D8519 /* drinks.png */ = {isa = PBXFileReference; lastKnownFileType = image.png; path = drinks.png; sourceTree = "<group>"; };
		EBAC24011737A60E009D8519 /* ham_salad.png */ = {isa = PBXFileReference; lastKnownFileType = image.png; path = ham_salad.png; sourceTree = "<group>"; };
		EBAC24021737A60E009D8519 /* ham.png */ = {isa = PBXFileReference; lastKnownFileType = image.png; path = ham.png; sourceTree = "<group>"; };
		EBAC24031737A60E009D8519 /* italian_bmt.png */ = {isa = PBXFileReference; lastKnownFileType = image.png; path = italian_bmt.png; sourceTree = "<group>"; };
		EBAC24041737A60E009D8519 /* italian_sausage.png */ = {isa = PBXFileReference; lastKnownFileType = image.png; path = italian_sausage.png; sourceTree = "<group>"; };
		EBAC24051737A60E009D8519 /* melt.png */ = {isa = PBXFileReference; lastKnownFileType = image.png; path = melt.png; sourceTree = "<group>"; };
		EBAC24061737A60E009D8519 /* roast_beef.png */ = {isa = PBXFileReference; lastKnownFileType = image.png; path = roast_beef.png; sourceTree = "<group>"; };
		EBAC24071737A60E009D8519 /* roasted_chicken.png */ = {isa = PBXFileReference; lastKnownFileType = image.png; path = roasted_chicken.png; sourceTree = "<group>"; };
		EBAC24081737A60E009D8519 /* sea.png */ = {isa = PBXFileReference; lastKnownFileType = image.png; path = sea.png; sourceTree = "<group>"; };
		EBAC24091737A60F009D8519 /* soup.png */ = {isa = PBXFileReference; lastKnownFileType = image.png; path = soup.png; sourceTree = "<group>"; };
		EBAC240A1737A60F009D8519 /* spita.png */ = {isa = PBXFileReference; lastKnownFileType = image.png; path = spita.png; sourceTree = "<group>"; };
		EBAC240B1737A60F009D8519 /* steak_cheese.png */ = {isa = PBXFileReference; lastKnownFileType = image.png; path = steak_cheese.png; sourceTree = "<group>"; };
		EBAC240C1737A60F009D8519 /* tuna.png */ = {isa = PBXFileReference; lastKnownFileType = image.png; path = tuna.png; sourceTree = "<group>"; };
		EBAC240D1737A60F009D8519 /* turkey_breast.png */ = {isa = PBXFileReference; lastKnownFileType = image.png; path = turkey_breast.png; sourceTree = "<group>"; };
		EBAC240E1737A60F009D8519 /* veggie.png */ = {isa = PBXFileReference; lastKnownFileType = image.png; path = veggie.png; sourceTree = "<group>"; };
		EBAC240F1737A60F009D8519 /* wrap.png */ = {isa = PBXFileReference; lastKnownFileType = image.png; path = wrap.png; sourceTree = "<group>"; };
		EBAC24281737C1A3009D8519 /* DDPageControl.h */ = {isa = PBXFileReference; fileEncoding = 4; lastKnownFileType = sourcecode.c.h; path = DDPageControl.h; sourceTree = "<group>"; };
		EBAC24291737C1A3009D8519 /* DDPageControl.m */ = {isa = PBXFileReference; fileEncoding = 4; lastKnownFileType = sourcecode.c.objc; path = DDPageControl.m; sourceTree = "<group>"; };
		EBB4CF99171FADE9006DAF2F /* Subway.app */ = {isa = PBXFileReference; explicitFileType = wrapper.application; includeInIndex = 0; path = Subway.app; sourceTree = BUILT_PRODUCTS_DIR; };
		EBB4CF9C171FADE9006DAF2F /* UIKit.framework */ = {isa = PBXFileReference; lastKnownFileType = wrapper.framework; name = UIKit.framework; path = System/Library/Frameworks/UIKit.framework; sourceTree = SDKROOT; };
		EBB4CF9E171FADE9006DAF2F /* Foundation.framework */ = {isa = PBXFileReference; lastKnownFileType = wrapper.framework; name = Foundation.framework; path = System/Library/Frameworks/Foundation.framework; sourceTree = SDKROOT; };
		EBB4CFA0171FADE9006DAF2F /* CoreGraphics.framework */ = {isa = PBXFileReference; lastKnownFileType = wrapper.framework; name = CoreGraphics.framework; path = System/Library/Frameworks/CoreGraphics.framework; sourceTree = SDKROOT; };
		EBB4CFA4171FADE9006DAF2F /* Subway-Info.plist */ = {isa = PBXFileReference; lastKnownFileType = text.plist.xml; path = "Subway-Info.plist"; sourceTree = "<group>"; };
		EBB4CFA6171FADE9006DAF2F /* en */ = {isa = PBXFileReference; lastKnownFileType = text.plist.strings; name = en; path = en.lproj/InfoPlist.strings; sourceTree = "<group>"; };
		EBB4CFA8171FADE9006DAF2F /* main.m */ = {isa = PBXFileReference; lastKnownFileType = sourcecode.c.objc; path = main.m; sourceTree = "<group>"; };
		EBB4CFAA171FADE9006DAF2F /* Subway-Prefix.pch */ = {isa = PBXFileReference; lastKnownFileType = sourcecode.c.h; path = "Subway-Prefix.pch"; sourceTree = "<group>"; };
		EBB4CFAB171FADE9006DAF2F /* AppDelegate.h */ = {isa = PBXFileReference; lastKnownFileType = sourcecode.c.h; path = AppDelegate.h; sourceTree = "<group>"; };
		EBB4CFAC171FADE9006DAF2F /* AppDelegate.m */ = {isa = PBXFileReference; lastKnownFileType = sourcecode.c.objc; path = AppDelegate.m; sourceTree = "<group>"; };
		EBB4CFAE171FADE9006DAF2F /* Default.png */ = {isa = PBXFileReference; lastKnownFileType = image.png; path = Default.png; sourceTree = "<group>"; };
		EBB4CFB0171FADE9006DAF2F /* Default@2x.png */ = {isa = PBXFileReference; lastKnownFileType = image.png; path = "Default@2x.png"; sourceTree = "<group>"; };
		EBB4CFB4171FADE9006DAF2F /* HomePageController.h */ = {isa = PBXFileReference; lastKnownFileType = sourcecode.c.h; path = HomePageController.h; sourceTree = "<group>"; };
		EBB4CFB5171FADE9006DAF2F /* HomePageController.m */ = {isa = PBXFileReference; lastKnownFileType = sourcecode.c.objc; path = HomePageController.m; sourceTree = "<group>"; };
		EBB4CFB8171FADE9006DAF2F /* en */ = {isa = PBXFileReference; lastKnownFileType = file.xib; name = en; path = en.lproj/HomePageController.xib; sourceTree = "<group>"; };
		EBB4CFC2171FBB5C006DAF2F /* background@2x.png */ = {isa = PBXFileReference; lastKnownFileType = image.png; path = "background@2x.png"; sourceTree = "<group>"; };
		EBB4CFC3171FBB5C006DAF2F /* background_iphone5@2x.png */ = {isa = PBXFileReference; lastKnownFileType = image.png; path = "background_iphone5@2x.png"; sourceTree = "<group>"; };
		EBB4CFC4171FBB5C006DAF2F /* btn_red_off@2x.png */ = {isa = PBXFileReference; lastKnownFileType = image.png; path = "btn_red_off@2x.png"; sourceTree = "<group>"; };
		EBB4CFC5171FBB5C006DAF2F /* btn_red_on@2x.png */ = {isa = PBXFileReference; lastKnownFileType = image.png; path = "btn_red_on@2x.png"; sourceTree = "<group>"; };
		EBB4CFC6171FBB5C006DAF2F /* btn_yellow_off@2x.png */ = {isa = PBXFileReference; lastKnownFileType = image.png; path = "btn_yellow_off@2x.png"; sourceTree = "<group>"; };
		EBB4CFC7171FBB5C006DAF2F /* btn_yellow_on@2x.png */ = {isa = PBXFileReference; lastKnownFileType = image.png; path = "btn_yellow_on@2x.png"; sourceTree = "<group>"; };
		EBB4CFC8171FBB5C006DAF2F /* bullet_list_off@2x.png */ = {isa = PBXFileReference; lastKnownFileType = image.png; path = "bullet_list_off@2x.png"; sourceTree = "<group>"; };
		EBB4CFC9171FBB5C006DAF2F /* bullet_list_on@2x.png */ = {isa = PBXFileReference; lastKnownFileType = image.png; path = "bullet_list_on@2x.png"; sourceTree = "<group>"; };
		EBB4CFCA171FBB5C006DAF2F /* logo_aroundme@2x.png */ = {isa = PBXFileReference; lastKnownFileType = image.png; path = "logo_aroundme@2x.png"; sourceTree = "<group>"; };
		EBB4CFCB171FBB5C006DAF2F /* logo_back@2x.png */ = {isa = PBXFileReference; lastKnownFileType = image.png; path = "logo_back@2x.png"; sourceTree = "<group>"; };
		EBB4CFCC171FBB5C006DAF2F /* logo_email@2x.png */ = {isa = PBXFileReference; lastKnownFileType = image.png; path = "logo_email@2x.png"; sourceTree = "<group>"; };
		EBB4CFCD171FBB5C006DAF2F /* logo_home@2x.png */ = {isa = PBXFileReference; lastKnownFileType = image.png; path = "logo_home@2x.png"; sourceTree = "<group>"; };
		EBB4CFCE171FBB5C006DAF2F /* logo_phone@2x.png */ = {isa = PBXFileReference; lastKnownFileType = image.png; path = "logo_phone@2x.png"; sourceTree = "<group>"; };
		EBB4CFCF171FBB5C006DAF2F /* logo_storelocator@2x.png */ = {isa = PBXFileReference; lastKnownFileType = image.png; path = "logo_storelocator@2x.png"; sourceTree = "<group>"; };
		EBB4CFD0171FBB5C006DAF2F /* logo_suboftheday@2x.png */ = {isa = PBXFileReference; lastKnownFileType = image.png; path = "logo_suboftheday@2x.png"; sourceTree = "<group>"; };
		EBB4CFD1171FBB5C006DAF2F /* logo_subway@2x.png */ = {isa = PBXFileReference; lastKnownFileType = image.png; path = "logo_subway@2x.png"; sourceTree = "<group>"; };
		EBB4CFD2171FBB5C006DAF2F /* logo_weibo@2x.png */ = {isa = PBXFileReference; lastKnownFileType = image.png; path = "logo_weibo@2x.png"; sourceTree = "<group>"; };
		EBB4CFD3171FBB5C006DAF2F /* separator@2x.png */ = {isa = PBXFileReference; lastKnownFileType = image.png; path = "separator@2x.png"; sourceTree = "<group>"; };
		EBB4CFE7171FBB67006DAF2F /* home_footer_btn_coupons_off@2x.png */ = {isa = PBXFileReference; lastKnownFileType = image.png; path = "home_footer_btn_coupons_off@2x.png"; sourceTree = "<group>"; };
		EBB4CFE8171FBB67006DAF2F /* home_footer_btn_coupons_on@2x.png */ = {isa = PBXFileReference; lastKnownFileType = image.png; path = "home_footer_btn_coupons_on@2x.png"; sourceTree = "<group>"; };
		EBB4CFE9171FBB67006DAF2F /* home_footer_btn_menu_off@2x.png */ = {isa = PBXFileReference; lastKnownFileType = image.png; path = "home_footer_btn_menu_off@2x.png"; sourceTree = "<group>"; };
		EBB4CFEA171FBB67006DAF2F /* home_footer_btn_menu_on@2x.png */ = {isa = PBXFileReference; lastKnownFileType = image.png; path = "home_footer_btn_menu_on@2x.png"; sourceTree = "<group>"; };
		EBB4CFEC171FBB67006DAF2F /* home_sub_background@2x.png */ = {isa = PBXFileReference; lastKnownFileType = image.png; path = "home_sub_background@2x.png"; sourceTree = "<group>"; };
		EBB4CFFF171FBB86006DAF2F /* map_pin@2x.png */ = {isa = PBXFileReference; lastKnownFileType = image.png; path = "map_pin@2x.png"; sourceTree = "<group>"; };
		EBB4D000171FBB86006DAF2F /* map_pin_open@2x.png */ = {isa = PBXFileReference; lastKnownFileType = image.png; path = "map_pin_open@2x.png"; sourceTree = "<group>"; };
		EBB4D001171FBB86006DAF2F /* store_footer_btn_off@2x.png */ = {isa = PBXFileReference; lastKnownFileType = image.png; path = "store_footer_btn_off@2x.png"; sourceTree = "<group>"; };
		EBB4D002171FBB86006DAF2F /* store_footer_btn_on@2x.png */ = {isa = PBXFileReference; lastKnownFileType = image.png; path = "store_footer_btn_on@2x.png"; sourceTree = "<group>"; };
		EBB4D003171FBB86006DAF2F /* store_footer_icon@2x.png */ = {isa = PBXFileReference; lastKnownFileType = image.png; path = "store_footer_icon@2x.png"; sourceTree = "<group>"; };
		EBB4D027171FD77B006DAF2F /* ApexNew-Bold.otf */ = {isa = PBXFileReference; lastKnownFileType = file; path = "ApexNew-Bold.otf"; sourceTree = "<group>"; };
		EBB4D028171FD77B006DAF2F /* ApexNew-BoldItalic.otf */ = {isa = PBXFileReference; lastKnownFileType = file; path = "ApexNew-BoldItalic.otf"; sourceTree = "<group>"; };
		EBB4D029171FD77B006DAF2F /* ApexNew-Book.otf */ = {isa = PBXFileReference; lastKnownFileType = file; path = "ApexNew-Book.otf"; sourceTree = "<group>"; };
		EBB4D02A171FD77B006DAF2F /* ApexNew-BookItalic.otf */ = {isa = PBXFileReference; lastKnownFileType = file; path = "ApexNew-BookItalic.otf"; sourceTree = "<group>"; };
		EBB4D02B171FD77B006DAF2F /* ApexNew-Heavy.otf */ = {isa = PBXFileReference; lastKnownFileType = file; path = "ApexNew-Heavy.otf"; sourceTree = "<group>"; };
		EBB4D02C171FD77B006DAF2F /* ApexNew-HeavyItalic.otf */ = {isa = PBXFileReference; lastKnownFileType = file; path = "ApexNew-HeavyItalic.otf"; sourceTree = "<group>"; };
		EBB4D02D171FD77B006DAF2F /* ApexNew-Light.otf */ = {isa = PBXFileReference; lastKnownFileType = file; path = "ApexNew-Light.otf"; sourceTree = "<group>"; };
		EBB4D02E171FD77B006DAF2F /* ApexNew-LightItalic.otf */ = {isa = PBXFileReference; lastKnownFileType = file; path = "ApexNew-LightItalic.otf"; sourceTree = "<group>"; };
		EBB4D02F171FD77B006DAF2F /* ApexNew-Medium.otf */ = {isa = PBXFileReference; lastKnownFileType = file; path = "ApexNew-Medium.otf"; sourceTree = "<group>"; };
		EBB4D030171FD77B006DAF2F /* ApexNew-MediumItalic.otf */ = {isa = PBXFileReference; lastKnownFileType = file; path = "ApexNew-MediumItalic.otf"; sourceTree = "<group>"; };
		EBB4D031171FD77B006DAF2F /* ApexNew-Thin.otf */ = {isa = PBXFileReference; lastKnownFileType = file; path = "ApexNew-Thin.otf"; sourceTree = "<group>"; };
		EBB4D032171FD77B006DAF2F /* ApexNew-ThinItalic.otf */ = {isa = PBXFileReference; lastKnownFileType = file; path = "ApexNew-ThinItalic.otf"; sourceTree = "<group>"; };
		EBB4D033171FD77B006DAF2F /* ApexNew-Ultra.otf */ = {isa = PBXFileReference; lastKnownFileType = file; path = "ApexNew-Ultra.otf"; sourceTree = "<group>"; };
		EBB4D034171FD77B006DAF2F /* ApexNew-UltraItalic.otf */ = {isa = PBXFileReference; lastKnownFileType = file; path = "ApexNew-UltraItalic.otf"; sourceTree = "<group>"; };
		EBB4D044171FD89A006DAF2F /* DisplayMethod.h */ = {isa = PBXFileReference; fileEncoding = 4; lastKnownFileType = sourcecode.c.h; path = DisplayMethod.h; sourceTree = "<group>"; };
		EBB4D045171FD89A006DAF2F /* DisplayMethod.m */ = {isa = PBXFileReference; fileEncoding = 4; lastKnownFileType = sourcecode.c.objc; path = DisplayMethod.m; sourceTree = "<group>"; };
		EBB4D047171FDC34006DAF2F /* zh-Hans */ = {isa = PBXFileReference; lastKnownFileType = file.xib; name = "zh-Hans"; path = "zh-Hans.lproj/HomePageController.xib"; sourceTree = "<group>"; };
		EBB4D048171FDC34006DAF2F /* zh-Hans */ = {isa = PBXFileReference; lastKnownFileType = text.plist.strings; name = "zh-Hans"; path = "zh-Hans.lproj/InfoPlist.strings"; sourceTree = "<group>"; };
		EBB4D049171FDEB0006DAF2F /* footer_catering_off@2x.png */ = {isa = PBXFileReference; lastKnownFileType = image.png; path = "footer_catering_off@2x.png"; sourceTree = "<group>"; };
		EBB4D04A171FDEB0006DAF2F /* footer_catering_on@2x.png */ = {isa = PBXFileReference; lastKnownFileType = image.png; path = "footer_catering_on@2x.png"; sourceTree = "<group>"; };
		EBB4D04B171FDEB0006DAF2F /* footer_options_off@2x.png */ = {isa = PBXFileReference; lastKnownFileType = image.png; path = "footer_options_off@2x.png"; sourceTree = "<group>"; };
		EBB4D04C171FDEB0006DAF2F /* footer_options_on@2x.png */ = {isa = PBXFileReference; lastKnownFileType = image.png; path = "footer_options_on@2x.png"; sourceTree = "<group>"; };
		EBB4D04D171FDEB0006DAF2F /* footer_order_off@2x.png */ = {isa = PBXFileReference; lastKnownFileType = image.png; path = "footer_order_off@2x.png"; sourceTree = "<group>"; };
		EBB4D04E171FDEB0006DAF2F /* footer_order_on@2x.png */ = {isa = PBXFileReference; lastKnownFileType = image.png; path = "footer_order_on@2x.png"; sourceTree = "<group>"; };
		EBB4D04F171FDEB0006DAF2F /* icon_build@2x.png */ = {isa = PBXFileReference; lastKnownFileType = image.png; path = "icon_build@2x.png"; sourceTree = "<group>"; };
		EBB4D050171FDEB0006DAF2F /* icon_energy@2x.png */ = {isa = PBXFileReference; lastKnownFileType = image.png; path = "icon_energy@2x.png"; sourceTree = "<group>"; };
		EBB4D051171FDEB0006DAF2F /* icon_lowfat@2x.png */ = {isa = PBXFileReference; lastKnownFileType = image.png; path = "icon_lowfat@2x.png"; sourceTree = "<group>"; };
		EBB4D052171FDEB0006DAF2F /* icon_tasty@2x.png */ = {isa = PBXFileReference; lastKnownFileType = image.png; path = "icon_tasty@2x.png"; sourceTree = "<group>"; };
		EBB4D053171FDEB0006DAF2F /* icon_weibo@2x.png */ = {isa = PBXFileReference; lastKnownFileType = image.png; path = "icon_weibo@2x.png"; sourceTree = "<group>"; };
		EBB4D054171FDEB0006DAF2F /* classic@2x.png */ = {isa = PBXFileReference; lastKnownFileType = image.png; path = "classic@2x.png"; sourceTree = "<group>"; };
		EBB4D056171FDEB0006DAF2F /* drink@2x.png */ = {isa = PBXFileReference; lastKnownFileType = image.png; path = "drink@2x.png"; sourceTree = "<group>"; };
		EBB4D058171FDEB0006DAF2F /* premium@2x.png */ = {isa = PBXFileReference; lastKnownFileType = image.png; path = "premium@2x.png"; sourceTree = "<group>"; };
		EBB4D05A171FDEB0006DAF2F /* salad@2x.png */ = {isa = PBXFileReference; lastKnownFileType = image.png; path = "salad@2x.png"; sourceTree = "<group>"; };
		EBB4D05C171FDEB0006DAF2F /* value@2x.png */ = {isa = PBXFileReference; lastKnownFileType = image.png; path = "value@2x.png"; sourceTree = "<group>"; };
		EBB4D05E171FDEB0006DAF2F /* wrap@2x.png */ = {isa = PBXFileReference; lastKnownFileType = image.png; path = "wrap@2x.png"; sourceTree = "<group>"; };
		EBB4D077171FE52D006DAF2F /* MenuViewController.h */ = {isa = PBXFileReference; fileEncoding = 4; lastKnownFileType = sourcecode.c.h; path = MenuViewController.h; sourceTree = "<group>"; };
		EBB4D078171FE52D006DAF2F /* MenuViewController.m */ = {isa = PBXFileReference; fileEncoding = 4; lastKnownFileType = sourcecode.c.objc; path = MenuViewController.m; sourceTree = "<group>"; };
		EBB4D07A171FE544006DAF2F /* StoreLocatorViewController.h */ = {isa = PBXFileReference; fileEncoding = 4; lastKnownFileType = sourcecode.c.h; path = StoreLocatorViewController.h; sourceTree = "<group>"; };
		EBB4D07B171FE544006DAF2F /* StoreLocatorViewController.mm */ = {isa = PBXFileReference; fileEncoding = 4; lastKnownFileType = sourcecode.cpp.objcpp; path = StoreLocatorViewController.mm; sourceTree = "<group>"; };
		EBB4D07F171FE5DB006DAF2F /* breakfast@2x.png */ = {isa = PBXFileReference; lastKnownFileType = image.png; path = "breakfast@2x.png"; sourceTree = "<group>"; };
		EBB4D082171FEAB4006DAF2F /* MapKit.framework */ = {isa = PBXFileReference; lastKnownFileType = wrapper.framework; name = MapKit.framework; path = System/Library/Frameworks/MapKit.framework; sourceTree = SDKROOT; };
		EBB4D084171FEAC0006DAF2F /* CFNetwork.framework */ = {isa = PBXFileReference; lastKnownFileType = wrapper.framework; name = CFNetwork.framework; path = System/Library/Frameworks/CFNetwork.framework; sourceTree = SDKROOT; };
		EBB4D0861720F5B4006DAF2F /* SettingMethod.h */ = {isa = PBXFileReference; fileEncoding = 4; lastKnownFileType = sourcecode.c.h; path = SettingMethod.h; sourceTree = "<group>"; };
		EBB4D0871720F5B4006DAF2F /* SettingMethod.m */ = {isa = PBXFileReference; fileEncoding = 4; lastKnownFileType = sourcecode.c.objc; path = SettingMethod.m; sourceTree = "<group>"; };
		EBB4D0891720F68C006DAF2F /* MessageUI.framework */ = {isa = PBXFileReference; lastKnownFileType = wrapper.framework; name = MessageUI.framework; path = System/Library/Frameworks/MessageUI.framework; sourceTree = SDKROOT; };
		EBB4D08B1720F696006DAF2F /* SystemConfiguration.framework */ = {isa = PBXFileReference; lastKnownFileType = wrapper.framework; name = SystemConfiguration.framework; path = System/Library/Frameworks/SystemConfiguration.framework; sourceTree = SDKROOT; };
		EBB4D08D1720F6B2006DAF2F /* CoreLocation.framework */ = {isa = PBXFileReference; lastKnownFileType = wrapper.framework; name = CoreLocation.framework; path = System/Library/Frameworks/CoreLocation.framework; sourceTree = SDKROOT; };
		EBB4D08F1720F6B8006DAF2F /* Security.framework */ = {isa = PBXFileReference; lastKnownFileType = wrapper.framework; name = Security.framework; path = System/Library/Frameworks/Security.framework; sourceTree = SDKROOT; };
		EBB4D09117211207006DAF2F /* QuartzCore.framework */ = {isa = PBXFileReference; lastKnownFileType = wrapper.framework; name = QuartzCore.framework; path = System/Library/Frameworks/QuartzCore.framework; sourceTree = SDKROOT; };
		EBB4D096172120F3006DAF2F /* Localizable.strings */ = {isa = PBXFileReference; fileEncoding = 4; lastKnownFileType = text.plist.strings; path = Localizable.strings; sourceTree = "<group>"; };
		EBB4D09817212F47006DAF2F /* UIColorCov.h */ = {isa = PBXFileReference; fileEncoding = 4; lastKnownFileType = sourcecode.c.h; path = UIColorCov.h; sourceTree = "<group>"; };
		EBB4D09917212F47006DAF2F /* UIColorCov.m */ = {isa = PBXFileReference; fileEncoding = 4; lastKnownFileType = sourcecode.c.objc; path = UIColorCov.m; sourceTree = "<group>"; };
		EBB4D09B17212F7F006DAF2F /* CustomLabel.h */ = {isa = PBXFileReference; fileEncoding = 4; lastKnownFileType = sourcecode.c.h; path = CustomLabel.h; sourceTree = "<group>"; };
		EBB4D09C17212F7F006DAF2F /* CustomLabel.m */ = {isa = PBXFileReference; fileEncoding = 4; lastKnownFileType = sourcecode.c.objc; path = CustomLabel.m; sourceTree = "<group>"; };
		EBCAA2DF17320F58007F33B2 /* MBProgressHUD.h */ = {isa = PBXFileReference; fileEncoding = 4; lastKnownFileType = sourcecode.c.h; path = MBProgressHUD.h; sourceTree = "<group>"; };
		EBCAA2E017320F58007F33B2 /* MBProgressHUD.m */ = {isa = PBXFileReference; fileEncoding = 4; lastKnownFileType = sourcecode.c.objc; path = MBProgressHUD.m; sourceTree = "<group>"; };
		EBCAA2E417321032007F33B2 /* no_connexion@2x.png */ = {isa = PBXFileReference; lastKnownFileType = image.png; path = "no_connexion@2x.png"; sourceTree = "<group>"; };
		EBCAA2E6173250B0007F33B2 /* Social.framework */ = {isa = PBXFileReference; lastKnownFileType = wrapper.framework; name = Social.framework; path = System/Library/Frameworks/Social.framework; sourceTree = SDKROOT; };
		EBCAA2E817326CA8007F33B2 /* AddressBook.framework */ = {isa = PBXFileReference; lastKnownFileType = wrapper.framework; name = AddressBook.framework; path = System/Library/Frameworks/AddressBook.framework; sourceTree = SDKROOT; };
/* End PBXFileReference section */

/* Begin PBXFrameworksBuildPhase section */
		EBB4CF96171FADE9006DAF2F /* Frameworks */ = {
			isa = PBXFrameworksBuildPhase;
			buildActionMask = 2147483647;
			files = (
				EB869514173B872E004C9092 /* libz.dylib in Frameworks */,
				EBCAA2E917326CA8007F33B2 /* AddressBook.framework in Frameworks */,
				EBCAA2E7173250B0007F33B2 /* Social.framework in Frameworks */,
				EB239FD51727DEA4006AD619 /* libsqlite3.0.dylib in Frameworks */,
				EBB4D09217211207006DAF2F /* QuartzCore.framework in Frameworks */,
				EBB4D0901720F6B8006DAF2F /* Security.framework in Frameworks */,
				EBB4D08E1720F6B2006DAF2F /* CoreLocation.framework in Frameworks */,
				EBB4D08C1720F696006DAF2F /* SystemConfiguration.framework in Frameworks */,
				EBB4D08A1720F68C006DAF2F /* MessageUI.framework in Frameworks */,
				EBB4D085171FEAC0006DAF2F /* CFNetwork.framework in Frameworks */,
				EBB4D083171FEAB4006DAF2F /* MapKit.framework in Frameworks */,
				EBB4CF9D171FADE9006DAF2F /* UIKit.framework in Frameworks */,
				EBB4CF9F171FADE9006DAF2F /* Foundation.framework in Frameworks */,
				EBB4CFA1171FADE9006DAF2F /* CoreGraphics.framework in Frameworks */,
				EB869518173B8754004C9092 /* libTestFlight.a in Frameworks */,
				469AF6F8173CB81D0082CC2D /* libbaidumapapi.a in Frameworks */,
			);
			runOnlyForDeploymentPostprocessing = 0;
		};
/* End PBXFrameworksBuildPhase section */

/* Begin PBXGroup section */
		469AF6D9173CB7D60082CC2D /* BaiduMap */ = {
			isa = PBXGroup;
			children = (
				469AF6F9173CB8460082CC2D /* mapapi.bundle */,
				469AF6DA173CB8010082CC2D /* BMapKit.h */,
				469AF6DB173CB8010082CC2D /* BMKAnnotation.h */,
				469AF6DC173CB8010082CC2D /* BMKAnnotationView.h */,
				469AF6DD173CB8010082CC2D /* BMKCircle.h */,
				469AF6DE173CB8010082CC2D /* BMKCircleView.h */,
				469AF6DF173CB8010082CC2D /* BMKGeneralDelegate.h */,
				469AF6E0173CB8010082CC2D /* BMKGeocodeType.h */,
				469AF6E1173CB8010082CC2D /* BMKGeometry.h */,
				469AF6E2173CB8010082CC2D /* BMKMapManager.h */,
				469AF6E3173CB8010082CC2D /* BMKMapView.h */,
				469AF6E4173CB8010082CC2D /* BMKMultiPoint.h */,
				469AF6E5173CB8010082CC2D /* BMKOfflineMap.h */,
				469AF6E6173CB8010082CC2D /* BMKOfflineMapType.h */,
				469AF6E7173CB8010082CC2D /* BMKOverlay.h */,
				469AF6E8173CB8010082CC2D /* BMKOverlayPathView.h */,
				469AF6E9173CB8010082CC2D /* BMKOverlayView.h */,
				469AF6EA173CB8010082CC2D /* BMKPinAnnotationView.h */,
				469AF6EB173CB8010082CC2D /* BMKPointAnnotation.h */,
				469AF6EC173CB8010082CC2D /* BMKPoiSearchType.h */,
				469AF6ED173CB8010082CC2D /* BMKPolygon.h */,
				469AF6EE173CB8010082CC2D /* BMKPolygonView.h */,
				469AF6EF173CB8010082CC2D /* BMKPolyline.h */,
				469AF6F0173CB8010082CC2D /* BMKPolylineView.h */,
				469AF6F1173CB8010082CC2D /* BMKRouteSearchType.h */,
				469AF6F2173CB8010082CC2D /* BMKSearch.h */,
				469AF6F3173CB8010082CC2D /* BMKShape.h */,
				469AF6F4173CB8010082CC2D /* BMKTypes.h */,
				469AF6F5173CB8010082CC2D /* BMKUserLocation.h */,
				469AF6F6173CB8010082CC2D /* BMKVersion.h */,
				469AF6F7173CB81D0082CC2D /* libbaidumapapi.a */,
			);
			name = BaiduMap;
			sourceTree = "<group>";
		};
		856FD18C1738D6DE001EED8D /* Helpers */ = {
			isa = PBXGroup;
			children = (
				856FD1891738D6D0001EED8D /* FrameworkChecker.h */,
				856FD18A1738D6D0001EED8D /* FrameworkChecker.m */,
			);
			name = Helpers;
			path = Subway;
			sourceTree = "<group>";
		};
		EB2140EA1740A000009983BA /* HowTo */ = {
			isa = PBXGroup;
			children = (
				EB2140EB1740A000009983BA /* howtoorder-bg@2x.png */,
				EB2140EC1740A000009983BA /* howtoorder-numbersbg@2x.png */,
				EB2140ED1740A000009983BA /* howtoorder-titlebg@2x.png */,
				EB2140EE1740A000009983BA /* howtoorder_p1@2x.png */,
				EB2140EF1740A000009983BA /* howtoorder_p2@2x.png */,
				EB2140F01740A000009983BA /* howtoorder_p3@2x.png */,
				EB2140F11740A000009983BA /* howtoorder_p4@2x.png */,
				EB2140F21740A000009983BA /* howtoorder_p5@2x.png */,
				EB2140F31740A000009983BA /* howtoorder_p6@2x.png */,
				EB2140F41740A000009983BA /* howtoorder_p7@2x.png */,
			);
			path = HowTo;
			sourceTree = "<group>";
		};
		EB5F6254172A341E006E053B /* Object */ = {
			isa = PBXGroup;
			children = (
				EB86952D173B9612004C9092 /* MenuMethod.h */,
				EB86952E173B9612004C9092 /* MenuMethod.m */,
				EB5F6255172A3441006E053B /* StoreLocator.h */,
				EB5F6256172A3441006E053B /* StoreLocator.m */,
			);
			path = Object;
			sourceTree = "<group>";
		};
		EB869515173B8754004C9092 /* TestFlightSDK */ = {
			isa = PBXGroup;
			children = (
				EB869516173B8754004C9092 /* libTestFlight.a */,
				EB869517173B8754004C9092 /* TestFlight.h */,
			);
			path = TestFlightSDK;
			sourceTree = "<group>";
		};
		EB98912A172AAF5400E75638 /* Map */ = {
			isa = PBXGroup;
			children = (
				EB98912B172AAF5400E75638 /* MapPlace.h */,
				EB98912C172AAF5400E75638 /* MapPlace.m */,
				EB98912D172AAF5400E75638 /* MKMapView+ZoomLevel.h */,
				EB98912E172AAF5400E75638 /* MKMapView+ZoomLevel.m */,
				EB98912F172AAF5400E75638 /* ViewMapAnnotationView.h */,
				EB989130172AAF5400E75638 /* ViewMapAnnotationView.m */,
				EB989136172B8BF300E75638 /* SVPulsingAnnotationView.h */,
				EB989137172B8BF300E75638 /* SVPulsingAnnotationView.m */,
			);
			path = Map;
			sourceTree = "<group>";
		};
		EBB4CF90171FADE9006DAF2F = {
			isa = PBXGroup;
			children = (
				EB86952B173B94D2004C9092 /* Default-568h@2x.png */,
				EB869521173B93CE004C9092 /* default.png */,
				EB869522173B93CE004C9092 /* default@2x.png */,
				EB86951F173B9201004C9092 /* icon@2x.png */,
				EB86951D173B91FB004C9092 /* icon.png */,
				EBB4CFA2171FADE9006DAF2F /* Subway */,
				856FD18C1738D6DE001EED8D /* Helpers */,
				EBB4D043171FD882006DAF2F /* Settings */,
				EBB4CFBF171FBB2E006DAF2F /* Ressources */,
				EBB4CF9B171FADE9006DAF2F /* Frameworks */,
				EBB4CF9A171FADE9006DAF2F /* Products */,
			);
			sourceTree = "<group>";
		};
		EBB4CF9A171FADE9006DAF2F /* Products */ = {
			isa = PBXGroup;
			children = (
				EBB4CF99171FADE9006DAF2F /* Subway.app */,
			);
			name = Products;
			sourceTree = "<group>";
		};
		EBB4CF9B171FADE9006DAF2F /* Frameworks */ = {
			isa = PBXGroup;
			children = (
				EB869513173B872E004C9092 /* libz.dylib */,
				EB239FD41727DEA4006AD619 /* libsqlite3.0.dylib */,
				EBCAA2E817326CA8007F33B2 /* AddressBook.framework */,
				EBCAA2E6173250B0007F33B2 /* Social.framework */,
				EBB4D09117211207006DAF2F /* QuartzCore.framework */,
				EBB4D08F1720F6B8006DAF2F /* Security.framework */,
				EBB4D08D1720F6B2006DAF2F /* CoreLocation.framework */,
				EBB4D08B1720F696006DAF2F /* SystemConfiguration.framework */,
				EBB4D0891720F68C006DAF2F /* MessageUI.framework */,
				EBB4D084171FEAC0006DAF2F /* CFNetwork.framework */,
				EBB4D082171FEAB4006DAF2F /* MapKit.framework */,
				EBB4CF9C171FADE9006DAF2F /* UIKit.framework */,
				EBB4CF9E171FADE9006DAF2F /* Foundation.framework */,
				EBB4CFA0171FADE9006DAF2F /* CoreGraphics.framework */,
			);
			name = Frameworks;
			sourceTree = "<group>";
		};
		EBB4CFA2171FADE9006DAF2F /* Subway */ = {
			isa = PBXGroup;
			children = (
				EBB4CFAB171FADE9006DAF2F /* AppDelegate.h */,
				EBB4CFAC171FADE9006DAF2F /* AppDelegate.m */,
				EBB4CFB4171FADE9006DAF2F /* HomePageController.h */,
				EBB4CFB5171FADE9006DAF2F /* HomePageController.m */,
				EBB4D077171FE52D006DAF2F /* MenuViewController.h */,
				EBB4D078171FE52D006DAF2F /* MenuViewController.m */,
				EBB4D07A171FE544006DAF2F /* StoreLocatorViewController.h */,
				EBB4D07B171FE544006DAF2F /* StoreLocatorViewController.mm */,
				469AF6FB174085B90082CC2D /* HowToOrderViewController.h */,
				469AF6FC174085B90082CC2D /* HowToOrderViewController.m */,
				EBB4CFA3171FADE9006DAF2F /* Supporting Files */,
			);
			path = Subway;
			sourceTree = "<group>";
		};
		EBB4CFA3171FADE9006DAF2F /* Supporting Files */ = {
			isa = PBXGroup;
			children = (
				EBB4CFA4171FADE9006DAF2F /* Subway-Info.plist */,
				EBB4CFA5171FADE9006DAF2F /* InfoPlist.strings */,
				EBB4D096172120F3006DAF2F /* Localizable.strings */,
				EBB4CFA8171FADE9006DAF2F /* main.m */,
				EBB4CFAA171FADE9006DAF2F /* Subway-Prefix.pch */,
				EBB4CFAE171FADE9006DAF2F /* Default.png */,
				EBB4CFB0171FADE9006DAF2F /* Default@2x.png */,
			);
			name = "Supporting Files";
			sourceTree = "<group>";
		};
		EBB4CFBF171FBB2E006DAF2F /* Ressources */ = {
			isa = PBXGroup;
			children = (
				EBAC23F01733B706009D8519 /* product_all_cn.json */,
				EBAC23F11733B706009D8519 /* product_all_en.json */,
				EB869515173B8754004C9092 /* TestFlightSDK */,
				EBB4D07D171FE58E006DAF2F /* Xib */,
				EBB4D026171FD77B006DAF2F /* Fonts */,
				EBB4CFC0171FBB48006DAF2F /* Images */,
			);
			name = Ressources;
			path = Subway/Ressources;
			sourceTree = "<group>";
		};
		EBB4CFC0171FBB48006DAF2F /* Images */ = {
			isa = PBXGroup;
			children = (
				EB2140EA1740A000009983BA /* HowTo */,
				EBB4CFC1171FBB5C006DAF2F /* general */,
				EBB4CFE6171FBB67006DAF2F /* home */,
				EBB4CFF3171FBB71006DAF2F /* meals */,
				EBB4CFFE171FBB86006DAF2F /* store */,
			);
			path = Images;
			sourceTree = "<group>";
		};
		EBB4CFC1171FBB5C006DAF2F /* general */ = {
			isa = PBXGroup;
			children = (
				EBCAA2E417321032007F33B2 /* no_connexion@2x.png */,
				EBB4CFC2171FBB5C006DAF2F /* background@2x.png */,
				EBB4CFC3171FBB5C006DAF2F /* background_iphone5@2x.png */,
				EBB4CFC4171FBB5C006DAF2F /* btn_red_off@2x.png */,
				EBB4CFC5171FBB5C006DAF2F /* btn_red_on@2x.png */,
				EBB4CFC6171FBB5C006DAF2F /* btn_yellow_off@2x.png */,
				EBB4CFC7171FBB5C006DAF2F /* btn_yellow_on@2x.png */,
				EBB4CFC8171FBB5C006DAF2F /* bullet_list_off@2x.png */,
				EBB4CFC9171FBB5C006DAF2F /* bullet_list_on@2x.png */,
				EBB4CFCA171FBB5C006DAF2F /* logo_aroundme@2x.png */,
				EB989139172BDB5C00E75638 /* logo_push@2x.png */,
				EBB4CFCB171FBB5C006DAF2F /* logo_back@2x.png */,
				EBB4CFCC171FBB5C006DAF2F /* logo_email@2x.png */,
				EBB4CFCD171FBB5C006DAF2F /* logo_home@2x.png */,
				EBB4CFCE171FBB5C006DAF2F /* logo_phone@2x.png */,
				EBB4CFCF171FBB5C006DAF2F /* logo_storelocator@2x.png */,
				EBB4CFD0171FBB5C006DAF2F /* logo_suboftheday@2x.png */,
				EBB4CFD1171FBB5C006DAF2F /* logo_subway@2x.png */,
				EBB4CFD2171FBB5C006DAF2F /* logo_weibo@2x.png */,
				EBB4CFD3171FBB5C006DAF2F /* separator@2x.png */,
			);
			path = general;
			sourceTree = "<group>";
		};
		EBB4CFE6171FBB67006DAF2F /* home */ = {
			isa = PBXGroup;
			children = (
				EBB4CFE7171FBB67006DAF2F /* home_footer_btn_coupons_off@2x.png */,
				EBB4CFE8171FBB67006DAF2F /* home_footer_btn_coupons_on@2x.png */,
				EBB4CFE9171FBB67006DAF2F /* home_footer_btn_menu_off@2x.png */,
				EBB4CFEA171FBB67006DAF2F /* home_footer_btn_menu_on@2x.png */,
				EBB4CFEC171FBB67006DAF2F /* home_sub_background@2x.png */,
			);
			path = home;
			sourceTree = "<group>";
		};
		EBB4CFF3171FBB71006DAF2F /* meals */ = {
			isa = PBXGroup;
			children = (
				EB2140FF1740A3FA009983BA /* taxo_on@2x.png */,
				EBAC23F81737A60D009D8519 /* blt.png */,
				EBAC23F91737A60E009D8519 /* breakfast.png */,
				EBAC23FA1737A60E009D8519 /* chicken_teriyaki.png */,
				EBAC23FB1737A60E009D8519 /* chips.png */,
				EBAC23FC1737A60E009D8519 /* club.png */,
				EBAC23FD1737A60E009D8519 /* cookie.png */,
				EBAC23FE1737A60E009D8519 /* cookies.png */,
				EBAC23FF1737A60E009D8519 /* drinks_sides.png */,
				EBAC24001737A60E009D8519 /* drinks.png */,
				EBAC24011737A60E009D8519 /* ham_salad.png */,
				EBAC24021737A60E009D8519 /* ham.png */,
				EBAC24031737A60E009D8519 /* italian_bmt.png */,
				EBAC24041737A60E009D8519 /* italian_sausage.png */,
				EBAC24051737A60E009D8519 /* melt.png */,
				EBAC24061737A60E009D8519 /* roast_beef.png */,
				EBAC24071737A60E009D8519 /* roasted_chicken.png */,
				EBAC24081737A60E009D8519 /* sea.png */,
				EBAC24091737A60F009D8519 /* soup.png */,
				EBAC240A1737A60F009D8519 /* spita.png */,
				EBAC240B1737A60F009D8519 /* steak_cheese.png */,
				EBAC240C1737A60F009D8519 /* tuna.png */,
				EBAC240D1737A60F009D8519 /* turkey_breast.png */,
				EBAC240E1737A60F009D8519 /* veggie.png */,
				EBAC240F1737A60F009D8519 /* wrap.png */,
				EBAC23F617377D65009D8519 /* categories_bg@2x.png */,
				EBAC23F417377AE0009D8519 /* product_bg@2x.png */,
				EBB4D049171FDEB0006DAF2F /* footer_catering_off@2x.png */,
				EBB4D04A171FDEB0006DAF2F /* footer_catering_on@2x.png */,
				EBB4D04B171FDEB0006DAF2F /* footer_options_off@2x.png */,
				EBB4D04C171FDEB0006DAF2F /* footer_options_on@2x.png */,
				EBB4D04D171FDEB0006DAF2F /* footer_order_off@2x.png */,
				EBB4D04E171FDEB0006DAF2F /* footer_order_on@2x.png */,
				EBB4D04F171FDEB0006DAF2F /* icon_build@2x.png */,
				EBB4D050171FDEB0006DAF2F /* icon_energy@2x.png */,
				EBB4D051171FDEB0006DAF2F /* icon_lowfat@2x.png */,
				EBB4D052171FDEB0006DAF2F /* icon_tasty@2x.png */,
				EBB4D053171FDEB0006DAF2F /* icon_weibo@2x.png */,
				EBB4D07F171FE5DB006DAF2F /* breakfast@2x.png */,
				EBB4D054171FDEB0006DAF2F /* classic@2x.png */,
				EBB4D056171FDEB0006DAF2F /* drink@2x.png */,
				EBB4D058171FDEB0006DAF2F /* premium@2x.png */,
				EBB4D05A171FDEB0006DAF2F /* salad@2x.png */,
				EBB4D05C171FDEB0006DAF2F /* value@2x.png */,
				EBB4D05E171FDEB0006DAF2F /* wrap@2x.png */,
			);
			path = meals;
			sourceTree = "<group>";
		};
		EBB4CFFE171FBB86006DAF2F /* store */ = {
			isa = PBXGroup;
			children = (
				EBB4CFFF171FBB86006DAF2F /* map_pin@2x.png */,
				EBB4D000171FBB86006DAF2F /* map_pin_open@2x.png */,
				EBB4D001171FBB86006DAF2F /* store_footer_btn_off@2x.png */,
				EBB4D002171FBB86006DAF2F /* store_footer_btn_on@2x.png */,
				EBB4D003171FBB86006DAF2F /* store_footer_icon@2x.png */,
			);
			path = store;
			sourceTree = "<group>";
		};
		EBB4D026171FD77B006DAF2F /* Fonts */ = {
			isa = PBXGroup;
			children = (
				EBB4D027171FD77B006DAF2F /* ApexNew-Bold.otf */,
				EBB4D028171FD77B006DAF2F /* ApexNew-BoldItalic.otf */,
				EBB4D029171FD77B006DAF2F /* ApexNew-Book.otf */,
				EBB4D02A171FD77B006DAF2F /* ApexNew-BookItalic.otf */,
				EBB4D02B171FD77B006DAF2F /* ApexNew-Heavy.otf */,
				EBB4D02C171FD77B006DAF2F /* ApexNew-HeavyItalic.otf */,
				EBB4D02D171FD77B006DAF2F /* ApexNew-Light.otf */,
				EBB4D02E171FD77B006DAF2F /* ApexNew-LightItalic.otf */,
				EBB4D02F171FD77B006DAF2F /* ApexNew-Medium.otf */,
				EBB4D030171FD77B006DAF2F /* ApexNew-MediumItalic.otf */,
				EBB4D031171FD77B006DAF2F /* ApexNew-Thin.otf */,
				EBB4D032171FD77B006DAF2F /* ApexNew-ThinItalic.otf */,
				EBB4D033171FD77B006DAF2F /* ApexNew-Ultra.otf */,
				EBB4D034171FD77B006DAF2F /* ApexNew-UltraItalic.otf */,
			);
			path = Fonts;
			sourceTree = "<group>";
		};
		EBB4D043171FD882006DAF2F /* Settings */ = {
			isa = PBXGroup;
			children = (
				469AF6D9173CB7D60082CC2D /* BaiduMap */,
				EBCAA2DE17320F3D007F33B2 /* MBProgressHUD */,
				EB98912A172AAF5400E75638 /* Map */,
				EB5F6254172A341E006E053B /* Object */,
				EBB4D0861720F5B4006DAF2F /* SettingMethod.h */,
				EBB4D0871720F5B4006DAF2F /* SettingMethod.m */,
				EBB4D044171FD89A006DAF2F /* DisplayMethod.h */,
				EBB4D045171FD89A006DAF2F /* DisplayMethod.m */,
				EB239FD017278344006AD619 /* DatabaseMethod.h */,
				EB239FD117278344006AD619 /* DatabaseMethod.m */,
				EBB4D09817212F47006DAF2F /* UIColorCov.h */,
				EBB4D09917212F47006DAF2F /* UIColorCov.m */,
				EBAC24281737C1A3009D8519 /* DDPageControl.h */,
				EBAC24291737C1A3009D8519 /* DDPageControl.m */,
				EBB4D09B17212F7F006DAF2F /* CustomLabel.h */,
				EBB4D09C17212F7F006DAF2F /* CustomLabel.m */,
				EB5F6258172A55A7006E053B /* UIViewController+KNSemiModal.h */,
				EB5F6259172A55A7006E053B /* UIViewController+KNSemiModal.m */,
			);
			name = Settings;
			path = Subway/Settings;
			sourceTree = "<group>";
		};
		EBB4D07D171FE58E006DAF2F /* Xib */ = {
			isa = PBXGroup;
			children = (
				EBB4CFB7171FADE9006DAF2F /* HomePageController.xib */,
			);
			path = Xib;
			sourceTree = "<group>";
		};
		EBCAA2DE17320F3D007F33B2 /* MBProgressHUD */ = {
			isa = PBXGroup;
			children = (
				EBCAA2DF17320F58007F33B2 /* MBProgressHUD.h */,
				EBCAA2E017320F58007F33B2 /* MBProgressHUD.m */,
			);
			name = MBProgressHUD;
			sourceTree = "<group>";
		};
/* End PBXGroup section */

/* Begin PBXNativeTarget section */
		EBB4CF98171FADE9006DAF2F /* Subway */ = {
			isa = PBXNativeTarget;
			buildConfigurationList = EBB4CFBC171FADE9006DAF2F /* Build configuration list for PBXNativeTarget "Subway" */;
			buildPhases = (
				EBB4CF95171FADE9006DAF2F /* Sources */,
				EBB4CF96171FADE9006DAF2F /* Frameworks */,
				EBB4CF97171FADE9006DAF2F /* Resources */,
			);
			buildRules = (
			);
			dependencies = (
			);
			name = Subway;
			productName = Subway;
			productReference = EBB4CF99171FADE9006DAF2F /* Subway.app */;
			productType = "com.apple.product-type.application";
		};
/* End PBXNativeTarget section */

/* Begin PBXProject section */
		EBB4CF91171FADE9006DAF2F /* Project object */ = {
			isa = PBXProject;
			attributes = {
				LastUpgradeCheck = 0460;
				ORGANIZATIONNAME = C3O;
			};
			buildConfigurationList = EBB4CF94171FADE9006DAF2F /* Build configuration list for PBXProject "Subway" */;
			compatibilityVersion = "Xcode 3.2";
			developmentRegion = English;
			hasScannedForEncodings = 0;
			knownRegions = (
				en,
				"zh-Hans",
			);
			mainGroup = EBB4CF90171FADE9006DAF2F;
			productRefGroup = EBB4CF9A171FADE9006DAF2F /* Products */;
			projectDirPath = "";
			projectRoot = "";
			targets = (
				EBB4CF98171FADE9006DAF2F /* Subway */,
			);
		};
/* End PBXProject section */

/* Begin PBXResourcesBuildPhase section */
		EBB4CF97171FADE9006DAF2F /* Resources */ = {
			isa = PBXResourcesBuildPhase;
			buildActionMask = 2147483647;
			files = (
				EBB4CFA7171FADE9006DAF2F /* InfoPlist.strings in Resources */,
				EBB4CFAF171FADE9006DAF2F /* Default.png in Resources */,
				EBB4CFB1171FADE9006DAF2F /* Default@2x.png in Resources */,
				EBB4CFB9171FADE9006DAF2F /* HomePageController.xib in Resources */,
				EBB4CFD4171FBB5C006DAF2F /* background@2x.png in Resources */,
				EBB4CFD5171FBB5C006DAF2F /* background_iphone5@2x.png in Resources */,
				EBB4CFD6171FBB5C006DAF2F /* btn_red_off@2x.png in Resources */,
				EBB4CFD7171FBB5C006DAF2F /* btn_red_on@2x.png in Resources */,
				EBB4CFD8171FBB5C006DAF2F /* btn_yellow_off@2x.png in Resources */,
				EBB4CFD9171FBB5C006DAF2F /* btn_yellow_on@2x.png in Resources */,
				EBB4CFDA171FBB5C006DAF2F /* bullet_list_off@2x.png in Resources */,
				EBB4CFDB171FBB5C006DAF2F /* bullet_list_on@2x.png in Resources */,
				EBB4CFDC171FBB5C006DAF2F /* logo_aroundme@2x.png in Resources */,
				EBB4CFDD171FBB5C006DAF2F /* logo_back@2x.png in Resources */,
				EBB4CFDE171FBB5C006DAF2F /* logo_email@2x.png in Resources */,
				EBB4CFDF171FBB5C006DAF2F /* logo_home@2x.png in Resources */,
				EBB4CFE0171FBB5C006DAF2F /* logo_phone@2x.png in Resources */,
				EBB4CFE1171FBB5C006DAF2F /* logo_storelocator@2x.png in Resources */,
				EBB4CFE2171FBB5C006DAF2F /* logo_suboftheday@2x.png in Resources */,
				EBB4CFE3171FBB5C006DAF2F /* logo_subway@2x.png in Resources */,
				EBB4CFE4171FBB5C006DAF2F /* logo_weibo@2x.png in Resources */,
				EBB4CFE5171FBB5C006DAF2F /* separator@2x.png in Resources */,
				EBB4CFED171FBB67006DAF2F /* home_footer_btn_coupons_off@2x.png in Resources */,
				EBB4CFEE171FBB67006DAF2F /* home_footer_btn_coupons_on@2x.png in Resources */,
				EBB4CFEF171FBB67006DAF2F /* home_footer_btn_menu_off@2x.png in Resources */,
				EBB4CFF0171FBB67006DAF2F /* home_footer_btn_menu_on@2x.png in Resources */,
				EBB4CFF2171FBB67006DAF2F /* home_sub_background@2x.png in Resources */,
				EBB4D004171FBB86006DAF2F /* map_pin@2x.png in Resources */,
				EBB4D005171FBB86006DAF2F /* map_pin_open@2x.png in Resources */,
				EBB4D006171FBB86006DAF2F /* store_footer_btn_off@2x.png in Resources */,
				EBB4D007171FBB86006DAF2F /* store_footer_btn_on@2x.png in Resources */,
				EBB4D008171FBB86006DAF2F /* store_footer_icon@2x.png in Resources */,
				EBB4D035171FD77B006DAF2F /* ApexNew-Bold.otf in Resources */,
				EBB4D036171FD77B006DAF2F /* ApexNew-BoldItalic.otf in Resources */,
				EBB4D037171FD77B006DAF2F /* ApexNew-Book.otf in Resources */,
				EBB4D038171FD77B006DAF2F /* ApexNew-BookItalic.otf in Resources */,
				EBB4D039171FD77B006DAF2F /* ApexNew-Heavy.otf in Resources */,
				EBB4D03A171FD77B006DAF2F /* ApexNew-HeavyItalic.otf in Resources */,
				EBB4D03B171FD77B006DAF2F /* ApexNew-Light.otf in Resources */,
				EBB4D03C171FD77B006DAF2F /* ApexNew-LightItalic.otf in Resources */,
				EBB4D03D171FD77B006DAF2F /* ApexNew-Medium.otf in Resources */,
				EBB4D03E171FD77B006DAF2F /* ApexNew-MediumItalic.otf in Resources */,
				EBB4D03F171FD77B006DAF2F /* ApexNew-Thin.otf in Resources */,
				EBB4D040171FD77B006DAF2F /* ApexNew-ThinItalic.otf in Resources */,
				EBB4D041171FD77B006DAF2F /* ApexNew-Ultra.otf in Resources */,
				EBB4D042171FD77B006DAF2F /* ApexNew-UltraItalic.otf in Resources */,
				EBB4D060171FDEB0006DAF2F /* footer_catering_off@2x.png in Resources */,
				EBB4D061171FDEB0006DAF2F /* footer_catering_on@2x.png in Resources */,
				EBB4D062171FDEB0006DAF2F /* footer_options_off@2x.png in Resources */,
				EBB4D063171FDEB0006DAF2F /* footer_options_on@2x.png in Resources */,
				EBB4D064171FDEB0006DAF2F /* footer_order_off@2x.png in Resources */,
				EBB4D065171FDEB0006DAF2F /* footer_order_on@2x.png in Resources */,
				EBB4D066171FDEB0006DAF2F /* icon_build@2x.png in Resources */,
				EBB4D067171FDEB0006DAF2F /* icon_energy@2x.png in Resources */,
				EBB4D068171FDEB0006DAF2F /* icon_lowfat@2x.png in Resources */,
				EBB4D069171FDEB0006DAF2F /* icon_tasty@2x.png in Resources */,
				EBB4D06A171FDEB0006DAF2F /* icon_weibo@2x.png in Resources */,
				EBB4D06B171FDEB0006DAF2F /* classic@2x.png in Resources */,
				EBB4D06D171FDEB0006DAF2F /* drink@2x.png in Resources */,
				EBB4D06F171FDEB0006DAF2F /* premium@2x.png in Resources */,
				EBB4D071171FDEB0006DAF2F /* salad@2x.png in Resources */,
				EBB4D073171FDEB0006DAF2F /* value@2x.png in Resources */,
				EBB4D075171FDEB0006DAF2F /* wrap@2x.png in Resources */,
				EBB4D081171FE5DB006DAF2F /* breakfast@2x.png in Resources */,
				EBB4D097172120F4006DAF2F /* Localizable.strings in Resources */,
				EB98913A172BDB5E00E75638 /* logo_push@2x.png in Resources */,
				EBCAA2E517321032007F33B2 /* no_connexion@2x.png in Resources */,
				EBAC23F21733B706009D8519 /* product_all_cn.json in Resources */,
				EBAC23F31733B706009D8519 /* product_all_en.json in Resources */,
				EBAC23F517377AE0009D8519 /* product_bg@2x.png in Resources */,
				EBAC23F717377D65009D8519 /* categories_bg@2x.png in Resources */,
				EBAC24101737A60F009D8519 /* blt.png in Resources */,
				EBAC24111737A60F009D8519 /* breakfast.png in Resources */,
				EBAC24121737A60F009D8519 /* chicken_teriyaki.png in Resources */,
				EBAC24131737A60F009D8519 /* chips.png in Resources */,
				EBAC24141737A60F009D8519 /* club.png in Resources */,
				EBAC24151737A60F009D8519 /* cookie.png in Resources */,
				EBAC24161737A60F009D8519 /* cookies.png in Resources */,
				EBAC24171737A60F009D8519 /* drinks_sides.png in Resources */,
				EBAC24181737A60F009D8519 /* drinks.png in Resources */,
				EBAC24191737A60F009D8519 /* ham_salad.png in Resources */,
				EBAC241A1737A60F009D8519 /* ham.png in Resources */,
				EBAC241B1737A60F009D8519 /* italian_bmt.png in Resources */,
				EBAC241C1737A60F009D8519 /* italian_sausage.png in Resources */,
				EBAC241D1737A60F009D8519 /* melt.png in Resources */,
				EBAC241E1737A60F009D8519 /* roast_beef.png in Resources */,
				EBAC241F1737A60F009D8519 /* roasted_chicken.png in Resources */,
				EBAC24201737A60F009D8519 /* sea.png in Resources */,
				EBAC24211737A60F009D8519 /* soup.png in Resources */,
				EBAC24221737A60F009D8519 /* spita.png in Resources */,
				EBAC24231737A60F009D8519 /* steak_cheese.png in Resources */,
				EBAC24241737A60F009D8519 /* tuna.png in Resources */,
				EBAC24251737A60F009D8519 /* turkey_breast.png in Resources */,
				EBAC24261737A60F009D8519 /* veggie.png in Resources */,
				EBAC24271737A60F009D8519 /* wrap.png in Resources */,
				EB86951E173B91FC004C9092 /* icon.png in Resources */,
				EB869520173B9201004C9092 /* icon@2x.png in Resources */,
				EB869523173B93CE004C9092 /* default.png in Resources */,
				EB869524173B93CE004C9092 /* default@2x.png in Resources */,
				EB86952C173B94D2004C9092 /* Default-568h@2x.png in Resources */,
				469AF6FA173CB8460082CC2D /* mapapi.bundle in Resources */,
				EB2140F51740A000009983BA /* howtoorder-bg@2x.png in Resources */,
				EB2140F61740A000009983BA /* howtoorder-numbersbg@2x.png in Resources */,
				EB2140F71740A000009983BA /* howtoorder-titlebg@2x.png in Resources */,
				EB2140F81740A000009983BA /* howtoorder_p1@2x.png in Resources */,
				EB2140F91740A000009983BA /* howtoorder_p2@2x.png in Resources */,
				EB2140FA1740A000009983BA /* howtoorder_p3@2x.png in Resources */,
				EB2140FB1740A000009983BA /* howtoorder_p4@2x.png in Resources */,
				EB2140FC1740A000009983BA /* howtoorder_p5@2x.png in Resources */,
				EB2140FD1740A000009983BA /* howtoorder_p6@2x.png in Resources */,
				EB2140FE1740A000009983BA /* howtoorder_p7@2x.png in Resources */,
				EB2141001740A3FA009983BA /* taxo_on@2x.png in Resources */,
			);
			runOnlyForDeploymentPostprocessing = 0;
		};
/* End PBXResourcesBuildPhase section */

/* Begin PBXSourcesBuildPhase section */
		EBB4CF95171FADE9006DAF2F /* Sources */ = {
			isa = PBXSourcesBuildPhase;
			buildActionMask = 2147483647;
			files = (
				EBB4CFA9171FADE9006DAF2F /* main.m in Sources */,
				EBB4CFAD171FADE9006DAF2F /* AppDelegate.m in Sources */,
				EBB4CFB6171FADE9006DAF2F /* HomePageController.m in Sources */,
				EBB4D046171FD89A006DAF2F /* DisplayMethod.m in Sources */,
				EBB4D079171FE52E006DAF2F /* MenuViewController.m in Sources */,
				EBB4D07C171FE544006DAF2F /* StoreLocatorViewController.mm in Sources */,
				EBB4D0881720F5B4006DAF2F /* SettingMethod.m in Sources */,
				EBB4D09A17212F47006DAF2F /* UIColorCov.m in Sources */,
				EBB4D09D17212F7F006DAF2F /* CustomLabel.m in Sources */,
				EB239FD217278344006AD619 /* DatabaseMethod.m in Sources */,
				EB5F6257172A3441006E053B /* StoreLocator.m in Sources */,
				EB5F625A172A55A8006E053B /* UIViewController+KNSemiModal.m in Sources */,
				EB989131172AAF5400E75638 /* MapPlace.m in Sources */,
				EB989132172AAF5400E75638 /* MKMapView+ZoomLevel.m in Sources */,
				EB989133172AAF5400E75638 /* ViewMapAnnotationView.m in Sources */,
				EB989138172B8BF300E75638 /* SVPulsingAnnotationView.m in Sources */,
				EBCAA2E117320F58007F33B2 /* MBProgressHUD.m in Sources */,
				EBAC242A1737C1A4009D8519 /* DDPageControl.m in Sources */,
				856FD18B1738D6D0001EED8D /* FrameworkChecker.m in Sources */,
				EB86952F173B9612004C9092 /* MenuMethod.m in Sources */,
				469AF6FD174085B90082CC2D /* HowToOrderViewController.m in Sources */,
			);
			runOnlyForDeploymentPostprocessing = 0;
		};
/* End PBXSourcesBuildPhase section */

/* Begin PBXVariantGroup section */
		EBB4CFA5171FADE9006DAF2F /* InfoPlist.strings */ = {
			isa = PBXVariantGroup;
			children = (
				EBB4CFA6171FADE9006DAF2F /* en */,
				EBB4D048171FDC34006DAF2F /* zh-Hans */,
			);
			name = InfoPlist.strings;
			sourceTree = "<group>";
		};
		EBB4CFB7171FADE9006DAF2F /* HomePageController.xib */ = {
			isa = PBXVariantGroup;
			children = (
				EBB4CFB8171FADE9006DAF2F /* en */,
				EBB4D047171FDC34006DAF2F /* zh-Hans */,
			);
			name = HomePageController.xib;
			path = ../..;
			sourceTree = "<group>";
		};
/* End PBXVariantGroup section */

/* Begin XCBuildConfiguration section */
		EBB4CFBA171FADE9006DAF2F /* Debug */ = {
			isa = XCBuildConfiguration;
			buildSettings = {
				ALWAYS_SEARCH_USER_PATHS = NO;
				CLANG_CXX_LANGUAGE_STANDARD = "gnu++0x";
				CLANG_CXX_LIBRARY = "libc++";
				CLANG_WARN_CONSTANT_CONVERSION = YES;
				CLANG_WARN_EMPTY_BODY = YES;
				CLANG_WARN_ENUM_CONVERSION = YES;
				CLANG_WARN_INT_CONVERSION = YES;
				CLANG_WARN__DUPLICATE_METHOD_MATCH = YES;
				CODE_SIGN_IDENTITY = "iPhone Developer";
				"CODE_SIGN_IDENTITY[sdk=iphoneos*]" = "iPhone Developer";
				COPY_PHASE_STRIP = NO;
				GCC_C_LANGUAGE_STANDARD = gnu99;
				GCC_DYNAMIC_NO_PIC = NO;
				GCC_OPTIMIZATION_LEVEL = 0;
				GCC_PREPROCESSOR_DEFINITIONS = (
					"DEBUG=1",
					"$(inherited)",
				);
				GCC_SYMBOLS_PRIVATE_EXTERN = NO;
				GCC_WARN_ABOUT_RETURN_TYPE = YES;
				GCC_WARN_UNINITIALIZED_AUTOS = YES;
				GCC_WARN_UNUSED_VARIABLE = YES;
				IPHONEOS_DEPLOYMENT_TARGET = 4.3;
				ONLY_ACTIVE_ARCH = YES;
				PROVISIONING_PROFILE = "";
				"PROVISIONING_PROFILE[sdk=iphoneos*]" = "";
				SDKROOT = iphoneos;
			};
			name = Debug;
		};
		EBB4CFBB171FADE9006DAF2F /* Release */ = {
			isa = XCBuildConfiguration;
			buildSettings = {
				ALWAYS_SEARCH_USER_PATHS = NO;
				CLANG_CXX_LANGUAGE_STANDARD = "gnu++0x";
				CLANG_CXX_LIBRARY = "libc++";
				CLANG_WARN_CONSTANT_CONVERSION = YES;
				CLANG_WARN_EMPTY_BODY = YES;
				CLANG_WARN_ENUM_CONVERSION = YES;
				CLANG_WARN_INT_CONVERSION = YES;
				CLANG_WARN__DUPLICATE_METHOD_MATCH = YES;
				CODE_SIGN_IDENTITY = "iPhone Developer";
				"CODE_SIGN_IDENTITY[sdk=iphoneos*]" = "iPhone Developer";
				COPY_PHASE_STRIP = YES;
				GCC_C_LANGUAGE_STANDARD = gnu99;
				GCC_WARN_ABOUT_RETURN_TYPE = YES;
				GCC_WARN_UNINITIALIZED_AUTOS = YES;
				GCC_WARN_UNUSED_VARIABLE = YES;
				IPHONEOS_DEPLOYMENT_TARGET = 4.3;
				OTHER_CFLAGS = "-DNS_BLOCK_ASSERTIONS=1";
				PROVISIONING_PROFILE = "";
				"PROVISIONING_PROFILE[sdk=iphoneos*]" = "";
				SDKROOT = iphoneos;
				VALIDATE_PRODUCT = YES;
			};
			name = Release;
		};
		EBB4CFBD171FADE9006DAF2F /* Debug */ = {
			isa = XCBuildConfiguration;
			buildSettings = {
				CLANG_CXX_LANGUAGE_STANDARD = "compiler-default";
				CLANG_CXX_LIBRARY = "compiler-default";
				CODE_SIGN_IDENTITY = "iPhone Developer: xia yinchu (6P2HDNY932)";
				"CODE_SIGN_IDENTITY[sdk=iphoneos*]" = "iPhone Developer";
				GCC_C_LANGUAGE_STANDARD = "compiler-default";
				GCC_PRECOMPILE_PREFIX_HEADER = YES;
				GCC_PREFIX_HEADER = "Subway/Subway-Prefix.pch";
				INFOPLIST_FILE = "Subway/Subway-Info.plist";
				IPHONEOS_DEPLOYMENT_TARGET = 4.3;
				LIBRARY_SEARCH_PATHS = (
					"$(inherited)",
					"\"$(SRCROOT)/Subway/Ressources/TestFlightSDK\"",
					"\"$(SRCROOT)/Subway/Settings\"",
				);
				OTHER_LDFLAGS = "-all_load";
				PRODUCT_NAME = "$(TARGET_NAME)";
				PROVISIONING_PROFILE = "";
				"PROVISIONING_PROFILE[sdk=iphoneos*]" = "";
				WRAPPER_EXTENSION = app;
			};
			name = Debug;
		};
		EBB4CFBE171FADE9006DAF2F /* Release */ = {
			isa = XCBuildConfiguration;
			buildSettings = {
				CLANG_CXX_LANGUAGE_STANDARD = "compiler-default";
				CLANG_CXX_LIBRARY = "compiler-default";
				CODE_SIGN_IDENTITY = "iPhone Developer: xia yinchu (6P2HDNY932)";
				"CODE_SIGN_IDENTITY[sdk=iphoneos*]" = "iPhone Developer";
				GCC_C_LANGUAGE_STANDARD = "compiler-default";
				GCC_PRECOMPILE_PREFIX_HEADER = YES;
				GCC_PREFIX_HEADER = "Subway/Subway-Prefix.pch";
				INFOPLIST_FILE = "Subway/Subway-Info.plist";
				IPHONEOS_DEPLOYMENT_TARGET = 4.3;
				LIBRARY_SEARCH_PATHS = (
					"$(inherited)",
					"\"$(SRCROOT)/Subway/Ressources/TestFlightSDK\"",
					"\"$(SRCROOT)/Subway/Settings\"",
				);
				OTHER_LDFLAGS = "-all_load";
				PRODUCT_NAME = "$(TARGET_NAME)";
				PROVISIONING_PROFILE = "";
				"PROVISIONING_PROFILE[sdk=iphoneos*]" = "";
				WRAPPER_EXTENSION = app;
			};
			name = Release;
		};
/* End XCBuildConfiguration section */

/* Begin XCConfigurationList section */
		EBB4CF94171FADE9006DAF2F /* Build configuration list for PBXProject "Subway" */ = {
			isa = XCConfigurationList;
			buildConfigurations = (
				EBB4CFBA171FADE9006DAF2F /* Debug */,
				EBB4CFBB171FADE9006DAF2F /* Release */,
			);
			defaultConfigurationIsVisible = 0;
			defaultConfigurationName = Release;
		};
		EBB4CFBC171FADE9006DAF2F /* Build configuration list for PBXNativeTarget "Subway" */ = {
			isa = XCConfigurationList;
			buildConfigurations = (
				EBB4CFBD171FADE9006DAF2F /* Debug */,
				EBB4CFBE171FADE9006DAF2F /* Release */,
			);
			defaultConfigurationIsVisible = 0;
			defaultConfigurationName = Release;
		};
/* End XCConfigurationList section */
	};
	rootObject = EBB4CF91171FADE9006DAF2F /* Project object */;
}
